// !$*UTF8*$!
{
	archiveVersion = 1;
	classes = {
	};
	objectVersion = 55;
	objects = {

/* Begin PBXBuildFile section */
		9547230627A0094000D1BA89 /* Shout.swift in Sources */ = {isa = PBXBuildFile; fileRef = 954722F627A0093F00D1BA89 /* Shout.swift */; };
		9547230727A0094000D1BA89 /* Shout.swift in Sources */ = {isa = PBXBuildFile; fileRef = 954722F627A0093F00D1BA89 /* Shout.swift */; };
		9547230827A0094000D1BA89 /* ContentView.swift in Sources */ = {isa = PBXBuildFile; fileRef = 954722F727A0093F00D1BA89 /* ContentView.swift */; };
		9547230927A0094000D1BA89 /* ContentView.swift in Sources */ = {isa = PBXBuildFile; fileRef = 954722F727A0093F00D1BA89 /* ContentView.swift */; };
		9547230A27A0094000D1BA89 /* Assets.xcassets in Resources */ = {isa = PBXBuildFile; fileRef = 954722F827A0094000D1BA89 /* Assets.xcassets */; };
		9547230B27A0094000D1BA89 /* Assets.xcassets in Resources */ = {isa = PBXBuildFile; fileRef = 954722F827A0094000D1BA89 /* Assets.xcassets */; };
		95D1036727A00AAB00B1EE3C /* Chica in Frameworks */ = {isa = PBXBuildFile; productRef = 95D1036627A00AAB00B1EE3C /* Chica */; };
		95D1036A27A00AB200B1EE3C /* Chica in Frameworks */ = {isa = PBXBuildFile; productRef = 95D1036927A00AB200B1EE3C /* Chica */; };
		95D1036C27A00AF000B1EE3C /* License.pdf in Resources */ = {isa = PBXBuildFile; fileRef = 95D1036B27A00AF000B1EE3C /* License.pdf */; };
		95D1036D27A00AF000B1EE3C /* License.pdf in Resources */ = {isa = PBXBuildFile; fileRef = 95D1036B27A00AF000B1EE3C /* License.pdf */; };
/* End PBXBuildFile section */

/* Begin PBXFileReference section */
		95019DAA27A82124005DF870 /* Capstone--iOS--Info.plist */ = {isa = PBXFileReference; lastKnownFileType = text.plist.xml; path = "Capstone--iOS--Info.plist"; sourceTree = "<group>"; };
		95019DAB27A82233005DF870 /* Capstone--macOS--Info.plist */ = {isa = PBXFileReference; lastKnownFileType = text.plist; path = "Capstone--macOS--Info.plist"; sourceTree = "<group>"; };
		954722F627A0093F00D1BA89 /* Shout.swift */ = {isa = PBXFileReference; lastKnownFileType = sourcecode.swift; path = Shout.swift; sourceTree = "<group>"; };
		954722F727A0093F00D1BA89 /* ContentView.swift */ = {isa = PBXFileReference; lastKnownFileType = sourcecode.swift; path = ContentView.swift; sourceTree = "<group>"; };
		954722F827A0094000D1BA89 /* Assets.xcassets */ = {isa = PBXFileReference; lastKnownFileType = folder.assetcatalog; path = Assets.xcassets; sourceTree = "<group>"; };
		954722FD27A0094000D1BA89 /* Capstone.app */ = {isa = PBXFileReference; explicitFileType = wrapper.application; includeInIndex = 0; path = Capstone.app; sourceTree = BUILT_PRODUCTS_DIR; };
		9547230327A0094000D1BA89 /* Capstone.app */ = {isa = PBXFileReference; explicitFileType = wrapper.application; includeInIndex = 0; path = Capstone.app; sourceTree = BUILT_PRODUCTS_DIR; };
		9547230527A0094000D1BA89 /* macOS.entitlements */ = {isa = PBXFileReference; lastKnownFileType = text.plist.entitlements; path = macOS.entitlements; sourceTree = "<group>"; };
		95D1036B27A00AF000B1EE3C /* License.pdf */ = {isa = PBXFileReference; lastKnownFileType = image.pdf; path = License.pdf; sourceTree = "<group>"; };
		95D1037527A00FC400B1EE3C /* CONTRIBUTING.md */ = {isa = PBXFileReference; lastKnownFileType = net.daringfireball.markdown; name = CONTRIBUTING.md; path = .github/CONTRIBUTING.md; sourceTree = "<group>"; };
		95D1037627A00FCA00B1EE3C /* LICENSE.md */ = {isa = PBXFileReference; lastKnownFileType = net.daringfireball.markdown; path = LICENSE.md; sourceTree = "<group>"; };
		95D1037727A00FCA00B1EE3C /* OBJECTIVES.md */ = {isa = PBXFileReference; lastKnownFileType = net.daringfireball.markdown; path = OBJECTIVES.md; sourceTree = "<group>"; };
		95D1037827A00FCA00B1EE3C /* README.md */ = {isa = PBXFileReference; lastKnownFileType = net.daringfireball.markdown; path = README.md; sourceTree = "<group>"; };
/* End PBXFileReference section */

/* Begin PBXFrameworksBuildPhase section */
		954722FA27A0094000D1BA89 /* Frameworks */ = {
			isa = PBXFrameworksBuildPhase;
			buildActionMask = 2147483647;
			files = (
				95D1036727A00AAB00B1EE3C /* Chica in Frameworks */,
			);
			runOnlyForDeploymentPostprocessing = 0;
		};
		9547230027A0094000D1BA89 /* Frameworks */ = {
			isa = PBXFrameworksBuildPhase;
			buildActionMask = 2147483647;
			files = (
				95D1036A27A00AB200B1EE3C /* Chica in Frameworks */,
			);
			runOnlyForDeploymentPostprocessing = 0;
		};
/* End PBXFrameworksBuildPhase section */

/* Begin PBXGroup section */
		954722F027A0093F00D1BA89 = {
			isa = PBXGroup;
			children = (
				95A3587027B2B18D00DBB76E /* Metadata */,
				95D1037427A00FB600B1EE3C /* Documentation */,
				954722F527A0093F00D1BA89 /* Shared */,
				9547230427A0094000D1BA89 /* macOS */,
				954722FE27A0094000D1BA89 /* Products */,
				95D1036827A00AB200B1EE3C /* Frameworks */,
			);
			sourceTree = "<group>";
		};
		954722F527A0093F00D1BA89 /* Shared */ = {
			isa = PBXGroup;
			children = (
				95D1036E27A00AF400B1EE3C /* Resources */,
				954722F627A0093F00D1BA89 /* Shout.swift */,
				954722F727A0093F00D1BA89 /* ContentView.swift */,
			);
			path = Shared;
			sourceTree = "<group>";
		};
		954722FE27A0094000D1BA89 /* Products */ = {
			isa = PBXGroup;
			children = (
				954722FD27A0094000D1BA89 /* Capstone.app */,
				9547230327A0094000D1BA89 /* Capstone.app */,
			);
			name = Products;
			sourceTree = "<group>";
		};
		9547230427A0094000D1BA89 /* macOS */ = {
			isa = PBXGroup;
			children = (
				9547230527A0094000D1BA89 /* macOS.entitlements */,
			);
			path = macOS;
			sourceTree = "<group>";
		};
		95A3587027B2B18D00DBB76E /* Metadata */ = {
			isa = PBXGroup;
			children = (
				95019DAB27A82233005DF870 /* Capstone--macOS--Info.plist */,
				95019DAA27A82124005DF870 /* Capstone--iOS--Info.plist */,
			);
			name = Metadata;
			sourceTree = "<group>";
		};
		95D1036827A00AB200B1EE3C /* Frameworks */ = {
			isa = PBXGroup;
			children = (
			);
			name = Frameworks;
			sourceTree = "<group>";
		};
		95D1036E27A00AF400B1EE3C /* Resources */ = {
			isa = PBXGroup;
			children = (
				954722F827A0094000D1BA89 /* Assets.xcassets */,
				95D1036B27A00AF000B1EE3C /* License.pdf */,
			);
			path = Resources;
			sourceTree = "<group>";
		};
		95D1037427A00FB600B1EE3C /* Documentation */ = {
			isa = PBXGroup;
			children = (
				95D1037827A00FCA00B1EE3C /* README.md */,
				95D1037627A00FCA00B1EE3C /* LICENSE.md */,
				95D1037727A00FCA00B1EE3C /* OBJECTIVES.md */,
				95D1037527A00FC400B1EE3C /* CONTRIBUTING.md */,
			);
			name = Documentation;
			sourceTree = "<group>";
		};
/* End PBXGroup section */

/* Begin PBXNativeTarget section */
		954722FC27A0094000D1BA89 /* Capstone (iOS) */ = {
			isa = PBXNativeTarget;
			buildConfigurationList = 9547230E27A0094000D1BA89 /* Build configuration list for PBXNativeTarget "Capstone (iOS)" */;
			buildPhases = (
				954722F927A0094000D1BA89 /* Sources */,
				954722FA27A0094000D1BA89 /* Frameworks */,
				954722FB27A0094000D1BA89 /* Resources */,
			);
			buildRules = (
			);
			dependencies = (
			);
			name = "Capstone (iOS)";
			packageProductDependencies = (
				95D1036627A00AAB00B1EE3C /* Chica */,
			);
			productName = "Capstone (iOS)";
			productReference = 954722FD27A0094000D1BA89 /* Capstone.app */;
			productType = "com.apple.product-type.application";
		};
		9547230227A0094000D1BA89 /* Capstone (macOS) */ = {
			isa = PBXNativeTarget;
			buildConfigurationList = 9547231127A0094000D1BA89 /* Build configuration list for PBXNativeTarget "Capstone (macOS)" */;
			buildPhases = (
				954722FF27A0094000D1BA89 /* Sources */,
				9547230027A0094000D1BA89 /* Frameworks */,
				9547230127A0094000D1BA89 /* Resources */,
			);
			buildRules = (
			);
			dependencies = (
			);
			name = "Capstone (macOS)";
			packageProductDependencies = (
				95D1036927A00AB200B1EE3C /* Chica */,
			);
			productName = "Capstone (macOS)";
			productReference = 9547230327A0094000D1BA89 /* Capstone.app */;
			productType = "com.apple.product-type.application";
		};
/* End PBXNativeTarget section */

/* Begin PBXProject section */
		954722F127A0093F00D1BA89 /* Project object */ = {
			isa = PBXProject;
			attributes = {
				BuildIndependentTargetsInParallel = 1;
				LastSwiftUpdateCheck = 1320;
				LastUpgradeCheck = 1320;
				TargetAttributes = {
					954722FC27A0094000D1BA89 = {
						CreatedOnToolsVersion = 13.2;
					};
					9547230227A0094000D1BA89 = {
						CreatedOnToolsVersion = 13.2;
					};
				};
			};
			buildConfigurationList = 954722F427A0093F00D1BA89 /* Build configuration list for PBXProject "Capstone" */;
			compatibilityVersion = "Xcode 13.0";
			developmentRegion = en;
			hasScannedForEncodings = 0;
			knownRegions = (
				en,
				Base,
			);
			mainGroup = 954722F027A0093F00D1BA89;
			packageReferences = (
				95D1036527A00AAB00B1EE3C /* XCRemoteSwiftPackageReference "chica" */,
			);
			productRefGroup = 954722FE27A0094000D1BA89 /* Products */;
			projectDirPath = "";
			projectRoot = "";
			targets = (
				954722FC27A0094000D1BA89 /* Capstone (iOS) */,
				9547230227A0094000D1BA89 /* Capstone (macOS) */,
			);
		};
/* End PBXProject section */

/* Begin PBXResourcesBuildPhase section */
		954722FB27A0094000D1BA89 /* Resources */ = {
			isa = PBXResourcesBuildPhase;
			buildActionMask = 2147483647;
			files = (
				95D1036C27A00AF000B1EE3C /* License.pdf in Resources */,
				9547230A27A0094000D1BA89 /* Assets.xcassets in Resources */,
			);
			runOnlyForDeploymentPostprocessing = 0;
		};
		9547230127A0094000D1BA89 /* Resources */ = {
			isa = PBXResourcesBuildPhase;
			buildActionMask = 2147483647;
			files = (
				95D1036D27A00AF000B1EE3C /* License.pdf in Resources */,
				9547230B27A0094000D1BA89 /* Assets.xcassets in Resources */,
			);
			runOnlyForDeploymentPostprocessing = 0;
		};
/* End PBXResourcesBuildPhase section */

/* Begin PBXSourcesBuildPhase section */
		954722F927A0094000D1BA89 /* Sources */ = {
			isa = PBXSourcesBuildPhase;
			buildActionMask = 2147483647;
			files = (
				9547230827A0094000D1BA89 /* ContentView.swift in Sources */,
				9547230627A0094000D1BA89 /* Shout.swift in Sources */,
			);
			runOnlyForDeploymentPostprocessing = 0;
		};
		954722FF27A0094000D1BA89 /* Sources */ = {
			isa = PBXSourcesBuildPhase;
			buildActionMask = 2147483647;
			files = (
				9547230927A0094000D1BA89 /* ContentView.swift in Sources */,
				9547230727A0094000D1BA89 /* Shout.swift in Sources */,
			);
			runOnlyForDeploymentPostprocessing = 0;
		};
/* End PBXSourcesBuildPhase section */

/* Begin XCBuildConfiguration section */
		9547230C27A0094000D1BA89 /* Debug */ = {
			isa = XCBuildConfiguration;
			buildSettings = {
				ALWAYS_SEARCH_USER_PATHS = NO;
				CLANG_ANALYZER_NONNULL = YES;
				CLANG_ANALYZER_NUMBER_OBJECT_CONVERSION = YES_AGGRESSIVE;
				CLANG_CXX_LANGUAGE_STANDARD = "gnu++17";
				CLANG_CXX_LIBRARY = "libc++";
				CLANG_ENABLE_MODULES = YES;
				CLANG_ENABLE_OBJC_ARC = YES;
				CLANG_ENABLE_OBJC_WEAK = YES;
				CLANG_WARN_BLOCK_CAPTURE_AUTORELEASING = YES;
				CLANG_WARN_BOOL_CONVERSION = YES;
				CLANG_WARN_COMMA = YES;
				CLANG_WARN_CONSTANT_CONVERSION = YES;
				CLANG_WARN_DEPRECATED_OBJC_IMPLEMENTATIONS = YES;
				CLANG_WARN_DIRECT_OBJC_ISA_USAGE = YES_ERROR;
				CLANG_WARN_DOCUMENTATION_COMMENTS = YES;
				CLANG_WARN_EMPTY_BODY = YES;
				CLANG_WARN_ENUM_CONVERSION = YES;
				CLANG_WARN_INFINITE_RECURSION = YES;
				CLANG_WARN_INT_CONVERSION = YES;
				CLANG_WARN_NON_LITERAL_NULL_CONVERSION = YES;
				CLANG_WARN_OBJC_IMPLICIT_RETAIN_SELF = YES;
				CLANG_WARN_OBJC_LITERAL_CONVERSION = YES;
				CLANG_WARN_OBJC_ROOT_CLASS = YES_ERROR;
				CLANG_WARN_QUOTED_INCLUDE_IN_FRAMEWORK_HEADER = YES;
				CLANG_WARN_RANGE_LOOP_ANALYSIS = YES;
				CLANG_WARN_STRICT_PROTOTYPES = YES;
				CLANG_WARN_SUSPICIOUS_MOVE = YES;
				CLANG_WARN_UNGUARDED_AVAILABILITY = YES_AGGRESSIVE;
				CLANG_WARN_UNREACHABLE_CODE = YES;
				CLANG_WARN__DUPLICATE_METHOD_MATCH = YES;
				COPY_PHASE_STRIP = NO;
				DEBUG_INFORMATION_FORMAT = dwarf;
				ENABLE_STRICT_OBJC_MSGSEND = YES;
				ENABLE_TESTABILITY = YES;
				GCC_C_LANGUAGE_STANDARD = gnu11;
				GCC_DYNAMIC_NO_PIC = NO;
				GCC_NO_COMMON_BLOCKS = YES;
				GCC_OPTIMIZATION_LEVEL = 0;
				GCC_PREPROCESSOR_DEFINITIONS = (
					"DEBUG=1",
					"$(inherited)",
				);
				GCC_WARN_64_TO_32_BIT_CONVERSION = YES;
				GCC_WARN_ABOUT_RETURN_TYPE = YES_ERROR;
				GCC_WARN_UNDECLARED_SELECTOR = YES;
				GCC_WARN_UNINITIALIZED_AUTOS = YES_AGGRESSIVE;
				GCC_WARN_UNUSED_FUNCTION = YES;
				GCC_WARN_UNUSED_VARIABLE = YES;
				MTL_ENABLE_DEBUG_INFO = INCLUDE_SOURCE;
				MTL_FAST_MATH = YES;
				ONLY_ACTIVE_ARCH = YES;
				SWIFT_ACTIVE_COMPILATION_CONDITIONS = DEBUG;
				SWIFT_OPTIMIZATION_LEVEL = "-Onone";
			};
			name = Debug;
		};
		9547230D27A0094000D1BA89 /* Release */ = {
			isa = XCBuildConfiguration;
			buildSettings = {
				ALWAYS_SEARCH_USER_PATHS = NO;
				CLANG_ANALYZER_NONNULL = YES;
				CLANG_ANALYZER_NUMBER_OBJECT_CONVERSION = YES_AGGRESSIVE;
				CLANG_CXX_LANGUAGE_STANDARD = "gnu++17";
				CLANG_CXX_LIBRARY = "libc++";
				CLANG_ENABLE_MODULES = YES;
				CLANG_ENABLE_OBJC_ARC = YES;
				CLANG_ENABLE_OBJC_WEAK = YES;
				CLANG_WARN_BLOCK_CAPTURE_AUTORELEASING = YES;
				CLANG_WARN_BOOL_CONVERSION = YES;
				CLANG_WARN_COMMA = YES;
				CLANG_WARN_CONSTANT_CONVERSION = YES;
				CLANG_WARN_DEPRECATED_OBJC_IMPLEMENTATIONS = YES;
				CLANG_WARN_DIRECT_OBJC_ISA_USAGE = YES_ERROR;
				CLANG_WARN_DOCUMENTATION_COMMENTS = YES;
				CLANG_WARN_EMPTY_BODY = YES;
				CLANG_WARN_ENUM_CONVERSION = YES;
				CLANG_WARN_INFINITE_RECURSION = YES;
				CLANG_WARN_INT_CONVERSION = YES;
				CLANG_WARN_NON_LITERAL_NULL_CONVERSION = YES;
				CLANG_WARN_OBJC_IMPLICIT_RETAIN_SELF = YES;
				CLANG_WARN_OBJC_LITERAL_CONVERSION = YES;
				CLANG_WARN_OBJC_ROOT_CLASS = YES_ERROR;
				CLANG_WARN_QUOTED_INCLUDE_IN_FRAMEWORK_HEADER = YES;
				CLANG_WARN_RANGE_LOOP_ANALYSIS = YES;
				CLANG_WARN_STRICT_PROTOTYPES = YES;
				CLANG_WARN_SUSPICIOUS_MOVE = YES;
				CLANG_WARN_UNGUARDED_AVAILABILITY = YES_AGGRESSIVE;
				CLANG_WARN_UNREACHABLE_CODE = YES;
				CLANG_WARN__DUPLICATE_METHOD_MATCH = YES;
				COPY_PHASE_STRIP = NO;
				DEBUG_INFORMATION_FORMAT = "dwarf-with-dsym";
				ENABLE_NS_ASSERTIONS = NO;
				ENABLE_STRICT_OBJC_MSGSEND = YES;
				GCC_C_LANGUAGE_STANDARD = gnu11;
				GCC_NO_COMMON_BLOCKS = YES;
				GCC_WARN_64_TO_32_BIT_CONVERSION = YES;
				GCC_WARN_ABOUT_RETURN_TYPE = YES_ERROR;
				GCC_WARN_UNDECLARED_SELECTOR = YES;
				GCC_WARN_UNINITIALIZED_AUTOS = YES_AGGRESSIVE;
				GCC_WARN_UNUSED_FUNCTION = YES;
				GCC_WARN_UNUSED_VARIABLE = YES;
				MTL_ENABLE_DEBUG_INFO = NO;
				MTL_FAST_MATH = YES;
				SWIFT_COMPILATION_MODE = wholemodule;
				SWIFT_OPTIMIZATION_LEVEL = "-O";
			};
			name = Release;
		};
		9547230F27A0094000D1BA89 /* Debug */ = {
			isa = XCBuildConfiguration;
			buildSettings = {
				ASSETCATALOG_COMPILER_APPICON_NAME = AppIcon;
				ASSETCATALOG_COMPILER_GLOBAL_ACCENT_COLOR_NAME = AccentColor;
				CODE_SIGN_STYLE = Automatic;
				CURRENT_PROJECT_VERSION = 1;
				DEVELOPMENT_TEAM = FQQXSP79X3;
				ENABLE_PREVIEWS = YES;
				GENERATE_INFOPLIST_FILE = YES;
				INFOPLIST_FILE = "Capstone--iOS--Info.plist";
				INFOPLIST_KEY_UIApplicationSceneManifest_Generation = YES;
				INFOPLIST_KEY_UIApplicationSupportsIndirectInputEvents = YES;
				INFOPLIST_KEY_UILaunchScreen_Generation = YES;
				INFOPLIST_KEY_UISupportedInterfaceOrientations_iPad = "UIInterfaceOrientationPortrait UIInterfaceOrientationPortraitUpsideDown UIInterfaceOrientationLandscapeLeft UIInterfaceOrientationLandscapeRight";
				INFOPLIST_KEY_UISupportedInterfaceOrientations_iPhone = "UIInterfaceOrientationPortrait UIInterfaceOrientationLandscapeLeft UIInterfaceOrientationLandscapeRight";
				IPHONEOS_DEPLOYMENT_TARGET = 15.2;
				LD_RUNPATH_SEARCH_PATHS = (
					"$(inherited)",
					"@executable_path/Frameworks",
				);
				MARKETING_VERSION = 1.0;
				PRODUCT_BUNDLE_IDENTIFIER = net.marquiskurt.shout;
				PRODUCT_NAME = Capstone;
				SDKROOT = iphoneos;
				SWIFT_EMIT_LOC_STRINGS = YES;
				SWIFT_VERSION = 5.0;
				TARGETED_DEVICE_FAMILY = "1,2";
			};
			name = Debug;
		};
		9547231027A0094000D1BA89 /* Release */ = {
			isa = XCBuildConfiguration;
			buildSettings = {
				ASSETCATALOG_COMPILER_APPICON_NAME = AppIcon;
				ASSETCATALOG_COMPILER_GLOBAL_ACCENT_COLOR_NAME = AccentColor;
				CODE_SIGN_STYLE = Automatic;
				CURRENT_PROJECT_VERSION = 1;
				DEVELOPMENT_TEAM = FQQXSP79X3;
				ENABLE_PREVIEWS = YES;
				GENERATE_INFOPLIST_FILE = YES;
				INFOPLIST_FILE = "Capstone--iOS--Info.plist";
				INFOPLIST_KEY_UIApplicationSceneManifest_Generation = YES;
				INFOPLIST_KEY_UIApplicationSupportsIndirectInputEvents = YES;
				INFOPLIST_KEY_UILaunchScreen_Generation = YES;
				INFOPLIST_KEY_UISupportedInterfaceOrientations_iPad = "UIInterfaceOrientationPortrait UIInterfaceOrientationPortraitUpsideDown UIInterfaceOrientationLandscapeLeft UIInterfaceOrientationLandscapeRight";
				INFOPLIST_KEY_UISupportedInterfaceOrientations_iPhone = "UIInterfaceOrientationPortrait UIInterfaceOrientationLandscapeLeft UIInterfaceOrientationLandscapeRight";
				IPHONEOS_DEPLOYMENT_TARGET = 15.2;
				LD_RUNPATH_SEARCH_PATHS = (
					"$(inherited)",
					"@executable_path/Frameworks",
				);
				MARKETING_VERSION = 1.0;
				PRODUCT_BUNDLE_IDENTIFIER = net.marquiskurt.shout;
				PRODUCT_NAME = Capstone;
				SDKROOT = iphoneos;
				SWIFT_EMIT_LOC_STRINGS = YES;
				SWIFT_VERSION = 5.0;
				TARGETED_DEVICE_FAMILY = "1,2";
				VALIDATE_PRODUCT = YES;
			};
			name = Release;
		};
		9547231227A0094000D1BA89 /* Debug */ = {
			isa = XCBuildConfiguration;
			buildSettings = {
				ASSETCATALOG_COMPILER_APPICON_NAME = AppIcon;
				ASSETCATALOG_COMPILER_GLOBAL_ACCENT_COLOR_NAME = AccentColor;
				CODE_SIGN_ENTITLEMENTS = macOS/macOS.entitlements;
				CODE_SIGN_STYLE = Automatic;
				COMBINE_HIDPI_IMAGES = YES;
				CURRENT_PROJECT_VERSION = 1;
				DEVELOPMENT_TEAM = FQQXSP79X3;
				ENABLE_HARDENED_RUNTIME = YES;
				ENABLE_PREVIEWS = YES;
				GENERATE_INFOPLIST_FILE = YES;
				INFOPLIST_FILE = "Capstone--macOS--Info.plist";
				INFOPLIST_KEY_NSHumanReadableCopyright = "";
				LD_RUNPATH_SEARCH_PATHS = (
					"$(inherited)",
					"@executable_path/../Frameworks",
				);
				MACOSX_DEPLOYMENT_TARGET = 12.1;
				MARKETING_VERSION = 1.0;
				PRODUCT_BUNDLE_IDENTIFIER = net.marquiskurt.shout;
				PRODUCT_NAME = Capstone;
				SDKROOT = macosx;
				SWIFT_EMIT_LOC_STRINGS = YES;
				SWIFT_VERSION = 5.0;
			};
			name = Debug;
		};
		9547231327A0094000D1BA89 /* Release */ = {
			isa = XCBuildConfiguration;
			buildSettings = {
				ASSETCATALOG_COMPILER_APPICON_NAME = AppIcon;
				ASSETCATALOG_COMPILER_GLOBAL_ACCENT_COLOR_NAME = AccentColor;
				CODE_SIGN_ENTITLEMENTS = macOS/macOS.entitlements;
				CODE_SIGN_STYLE = Automatic;
				COMBINE_HIDPI_IMAGES = YES;
				CURRENT_PROJECT_VERSION = 1;
				DEVELOPMENT_TEAM = FQQXSP79X3;
				ENABLE_HARDENED_RUNTIME = YES;
				ENABLE_PREVIEWS = YES;
				GENERATE_INFOPLIST_FILE = YES;
				INFOPLIST_FILE = "Capstone--macOS--Info.plist";
				INFOPLIST_KEY_NSHumanReadableCopyright = "";
				LD_RUNPATH_SEARCH_PATHS = (
					"$(inherited)",
					"@executable_path/../Frameworks",
				);
				MACOSX_DEPLOYMENT_TARGET = 12.1;
				MARKETING_VERSION = 1.0;
				PRODUCT_BUNDLE_IDENTIFIER = net.marquiskurt.shout;
				PRODUCT_NAME = Capstone;
				SDKROOT = macosx;
				SWIFT_EMIT_LOC_STRINGS = YES;
				SWIFT_VERSION = 5.0;
			};
			name = Release;
		};
/* End XCBuildConfiguration section */

/* Begin XCConfigurationList section */
		954722F427A0093F00D1BA89 /* Build configuration list for PBXProject "Capstone" */ = {
			isa = XCConfigurationList;
			buildConfigurations = (
				9547230C27A0094000D1BA89 /* Debug */,
				9547230D27A0094000D1BA89 /* Release */,
			);
			defaultConfigurationIsVisible = 0;
			defaultConfigurationName = Release;
		};
		9547230E27A0094000D1BA89 /* Build configuration list for PBXNativeTarget "Capstone (iOS)" */ = {
			isa = XCConfigurationList;
			buildConfigurations = (
				9547230F27A0094000D1BA89 /* Debug */,
				9547231027A0094000D1BA89 /* Release */,
			);
			defaultConfigurationIsVisible = 0;
			defaultConfigurationName = Release;
		};
		9547231127A0094000D1BA89 /* Build configuration list for PBXNativeTarget "Capstone (macOS)" */ = {
			isa = XCConfigurationList;
			buildConfigurations = (
				9547231227A0094000D1BA89 /* Debug */,
				9547231327A0094000D1BA89 /* Release */,
			);
			defaultConfigurationIsVisible = 0;
			defaultConfigurationName = Release;
		};
/* End XCConfigurationList section */

/* Begin XCRemoteSwiftPackageReference section */
		95D1036527A00AAB00B1EE3C /* XCRemoteSwiftPackageReference "chica" */ = {
			isa = XCRemoteSwiftPackageReference;
			repositoryURL = "https://github.com/hyperspacedev/chica";
			requirement = {
				kind = upToNextMajorVersion;
				minimumVersion = 0.1.59050;
			};
		};
/* End XCRemoteSwiftPackageReference section */

/* Begin XCSwiftPackageProductDependency section */
		95D1036627A00AAB00B1EE3C /* Chica */ = {
			isa = XCSwiftPackageProductDependency;
			package = 95D1036527A00AAB00B1EE3C /* XCRemoteSwiftPackageReference "chica" */;
			productName = Chica;
		};
		95D1036927A00AB200B1EE3C /* Chica */ = {
			isa = XCSwiftPackageProductDependency;
			package = 95D1036527A00AAB00B1EE3C /* XCRemoteSwiftPackageReference "chica" */;
			productName = Chica;
		};
/* End XCSwiftPackageProductDependency section */
	};
	rootObject = 954722F127A0093F00D1BA89 /* Project object */;
}
