{
  "object": {
    "pins": [
      {
        "package": "Chica",
        "repositoryURL": "https://github.com/hyperspacedev/chica",
        "state": {
          "branch": "main",
          "revision": "826c07b78020752d39b0f86d3bf6af5a52c6ff70",
          "version": null
        }
      },
      {
        "package": "KeychainAccess",
        "repositoryURL": "https://github.com/kishikawakatsumi/KeychainAccess",
        "state": {
          "branch": null,
          "revision": "84e546727d66f1adc5439debad16270d0fdd04e7",
          "version": "4.2.2"
        }
      }
    ]
  },
  "version": 1
}
