{
  "object": {
    "pins": [
      {
        "package": "Chica",
        "repositoryURL": "https://github.com/hyperspacedev/chica",
        "state": {
          "branch": null,
          "revision": "d8af360437a130b7debb46998f6d1feb3855a190",
          "version": "0.1.190122"
        }
      },
      {
        "package": "KeychainAccess",
        "repositoryURL": "https://github.com/kishikawakatsumi/KeychainAccess",
        "state": {
          "branch": null,
          "revision": "84e546727d66f1adc5439debad16270d0fdd04e7",
          "version": "4.2.2"
        }
      }
    ]
  },
  "version": 1
}
