{
  "pins" : [
    {
      "identity" : "ackgen",
      "kind" : "remoteSourceControl",
      "location" : "https://github.com/MartinP7r/AckGen",
      "state" : {
        "revision" : "c28170c4b709bd69a17255c0c904158a3cce922b",
        "version" : "0.1.6"
      }
    },
    {
      "identity" : "bunker",
      "kind" : "remoteSourceControl",
      "location" : "https://github.com/alicerunsonfedora/bunker.git",
      "state" : {
        "branch" : "root",
        "revision" : "9f7ba80122b3f0ff525d13cf997ecaa8c2128d87"
      }
    },
    {
      "identity" : "drops",
      "kind" : "remoteSourceControl",
      "location" : "https://github.com/omaralbeik/Drops.git",
      "state" : {
        "revision" : "f4eabe3e4e5da69e5205a69a5ddc0effd4a90519",
        "version" : "1.6.1"
      }
    },
    {
      "identity" : "emojitext",
      "kind" : "remoteSourceControl",
      "location" : "https://github.com/divadretlaw/EmojiText",
      "state" : {
        "branch" : "main",
        "revision" : "94d9346b378e03483c094cbf7b3b9fa3a368a8bb"
      }
    },
    {
      "identity" : "html2markdown",
      "kind" : "remoteSourceControl",
      "location" : "https://gitlab.com/mflint/HTML2Markdown/",
      "state" : {
        "revision" : "00d7a9744bbd1e7762c587bbd248775e16345a65",
        "version" : "1.0.0"
      }
    },
    {
      "identity" : "keychainaccess",
      "kind" : "remoteSourceControl",
      "location" : "https://github.com/kishikawakatsumi/KeychainAccess",
      "state" : {
        "revision" : "84e546727d66f1adc5439debad16270d0fdd04e7",
        "version" : "4.2.2"
      }
    },
    {
      "identity" : "nuke",
      "kind" : "remoteSourceControl",
      "location" : "https://github.com/kean/Nuke",
      "state" : {
        "revision" : "f67266f176af4add9f7a7020486826d82d562473",
        "version" : "12.1.2"
      }
    },
    {
      "identity" : "runestone",
      "kind" : "remoteSourceControl",
      "location" : "https://github.com/simonbs/Runestone",
      "state" : {
        "revision" : "1d0e79051a18d79f12882e9fad0b130e47d4a06b",
        "version" : "0.3.0"
      }
    },
    {
      "identity" : "safariview",
      "kind" : "remoteSourceControl",
      "location" : "https://github.com/alicerunsonfedora/SafariView",
      "state" : {
        "branch" : "root",
        "revision" : "3f58d7915d97a0e15bc53618e54cbfbbba1f1b8f"
      }
    },
    {
      "identity" : "swift-docc-plugin",
      "kind" : "remoteSourceControl",
      "location" : "https://github.com/apple/swift-docc-plugin",
      "state" : {
        "revision" : "26ac5758409154cc448d7ab82389c520fa8a8247",
        "version" : "1.3.0"
      }
    },
    {
      "identity" : "swift-docc-symbolkit",
      "kind" : "remoteSourceControl",
      "location" : "https://github.com/apple/swift-docc-symbolkit",
      "state" : {
        "revision" : "b45d1f2ed151d057b54504d653e0da5552844e34",
        "version" : "1.0.0"
      }
    }
  ],
  "version" : 2
}
