{
  "object": {
    "pins": [
      {
        "package": "Chica",
        "repositoryURL": "https://github.com/hyperspacedev/chica",
        "state": {
          "branch": "feat/url-configuration",
          "revision": "4250f7ed63398cad287f631040297e648073a3a0",
          "version": null
        }
      },
      {
        "package": "KeychainAccess",
        "repositoryURL": "https://github.com/kishikawakatsumi/KeychainAccess",
        "state": {
          "branch": null,
          "revision": "84e546727d66f1adc5439debad16270d0fdd04e7",
          "version": "4.2.2"
        }
      }
    ]
  },
  "version": 1
}
