{
  "object": {
    "pins": [
      {
        "package": "Chica",
        "repositoryURL": "https://github.com/hyperspacedev/chica",
        "state": {
          "branch": "feat/url-configuration",
          "revision": "56d806b8b7ddc79bbf820172630c17119d1a09ac",
          "version": null
        }
      },
      {
        "package": "KeychainAccess",
        "repositoryURL": "https://github.com/kishikawakatsumi/KeychainAccess",
        "state": {
          "branch": null,
          "revision": "84e546727d66f1adc5439debad16270d0fdd04e7",
          "version": "4.2.2"
        }
      }
    ]
  },
  "version": 1
}
