{
  "pins" : [
    {
      "identity" : "chica",
      "kind" : "remoteSourceControl",
      "location" : "https://github.com/hyperspacedev/chica",
      "state" : {
        "branch" : "main",
        "revision" : "72f399c147cf20862eea361278ff9e5c124ffc69"
      }
    },
    {
      "identity" : "keychainaccess",
      "kind" : "remoteSourceControl",
      "location" : "https://github.com/kishikawakatsumi/KeychainAccess",
      "state" : {
        "revision" : "84e546727d66f1adc5439debad16270d0fdd04e7",
        "version" : "4.2.2"
      }
    },
    {
      "identity" : "safariview",
      "kind" : "remoteSourceControl",
      "location" : "https://github.com/alicerunsonfedora/SafariView",
      "state" : {
        "branch" : "root",
        "revision" : "3f58d7915d97a0e15bc53618e54cbfbbba1f1b8f"
      }
    }
  ],
  "version" : 2
}
