// !$*UTF8*$!
{
	archiveVersion = 1;
	classes = {
	};
	objectVersion = 55;
	objects = {

/* Begin PBXBuildFile section */
		95009EF2295E711100F32F85 /* AuthenticationViewModel.swift in Sources */ = {isa = PBXBuildFile; fileRef = 95009EF1295E711100F32F85 /* AuthenticationViewModel.swift */; };
		95009EF4295E780A00F32F85 /* GardensAppLayoutViewModel.swift in Sources */ = {isa = PBXBuildFile; fileRef = 95009EF3295E780A00F32F85 /* GardensAppLayoutViewModel.swift */; };
		9503EFAF27B4173C00ABB7B0 /* AuthenticationView.swift in Sources */ = {isa = PBXBuildFile; fileRef = 9503EFAE27B4173C00ABB7B0 /* AuthenticationView.swift */; };
		9503EFB427B417DD00ABB7B0 /* Localizable.strings in Resources */ = {isa = PBXBuildFile; fileRef = 9503EFB727B417DD00ABB7B0 /* Localizable.strings */; };
		952A011127C67F3F00F36B37 /* MessagingPresentationView.swift in Sources */ = {isa = PBXBuildFile; fileRef = 952A011027C67F3F00F36B37 /* MessagingPresentationView.swift */; };
		952A06E129691B95008340A4 /* GardensAppCompactLayout.swift in Sources */ = {isa = PBXBuildFile; fileRef = 952A06E029691B95008340A4 /* GardensAppCompactLayout.swift */; };
		952A06E329691C3D008340A4 /* GardensAppPage.swift in Sources */ = {isa = PBXBuildFile; fileRef = 952A06E229691C3D008340A4 /* GardensAppPage.swift */; };
		952A06E529692E95008340A4 /* UIDevice+Model.swift in Sources */ = {isa = PBXBuildFile; fileRef = 952A06E429692E95008340A4 /* UIDevice+Model.swift */; };
		95369B5927B82D4100F39531 /* TimelineSplitView.swift in Sources */ = {isa = PBXBuildFile; fileRef = 95369B5827B82D4100F39531 /* TimelineSplitView.swift */; };
		95369B5D27B82E7D00F39531 /* LayoutStateRepresentable.swift in Sources */ = {isa = PBXBuildFile; fileRef = 95369B5C27B82E7D00F39531 /* LayoutStateRepresentable.swift */; };
		953BC7BF2957B9E0005C7F2A /* Status+URIToUrl.swift in Sources */ = {isa = PBXBuildFile; fileRef = 953BC7BE2957B9E0005C7F2A /* Status+URIToUrl.swift */; };
		953BC7C02957B9E0005C7F2A /* Status+URIToUrl.swift in Sources */ = {isa = PBXBuildFile; fileRef = 953BC7BE2957B9E0005C7F2A /* Status+URIToUrl.swift */; };
		953BC7C52957C73E005C7F2A /* StatusDetailViewModel.swift in Sources */ = {isa = PBXBuildFile; fileRef = 953BC7C42957C73E005C7F2A /* StatusDetailViewModel.swift */; };
		953BC7C62957C73E005C7F2A /* StatusDetailViewModel.swift in Sources */ = {isa = PBXBuildFile; fileRef = 953BC7C42957C73E005C7F2A /* StatusDetailViewModel.swift */; };
		953BC7C82957E156005C7F2A /* RecursiveNavigationView.swift in Sources */ = {isa = PBXBuildFile; fileRef = 953BC7C72957E156005C7F2A /* RecursiveNavigationView.swift */; };
		953BC7CB2957EC27005C7F2A /* HashableType.swift in Sources */ = {isa = PBXBuildFile; fileRef = 953BC7CA2957EC27005C7F2A /* HashableType.swift */; };
		953BC7CC2957EC27005C7F2A /* HashableType.swift in Sources */ = {isa = PBXBuildFile; fileRef = 953BC7CA2957EC27005C7F2A /* HashableType.swift */; };
		953BC7CE2957FD94005C7F2A /* StatusMediaDrawer.swift in Sources */ = {isa = PBXBuildFile; fileRef = 953BC7CD2957FD94005C7F2A /* StatusMediaDrawer.swift */; };
		953BC7CF2957FD94005C7F2A /* StatusMediaDrawer.swift in Sources */ = {isa = PBXBuildFile; fileRef = 953BC7CD2957FD94005C7F2A /* StatusMediaDrawer.swift */; };
		953DE4D327D69C7D0043A357 /* Bundle+AppVersion.swift in Sources */ = {isa = PBXBuildFile; fileRef = 953DE4D227D69C7D0043A357 /* Bundle+AppVersion.swift */; };
		9547230627A0094000D1BA89 /* Gardens.swift in Sources */ = {isa = PBXBuildFile; fileRef = 954722F627A0093F00D1BA89 /* Gardens.swift */; };
		9547230827A0094000D1BA89 /* ContentView.swift in Sources */ = {isa = PBXBuildFile; fileRef = 954722F727A0093F00D1BA89 /* ContentView.swift */; };
		9547230A27A0094000D1BA89 /* Assets.xcassets in Resources */ = {isa = PBXBuildFile; fileRef = 954722F827A0094000D1BA89 /* Assets.xcassets */; };
		95555FB32960B7A2005BEF45 /* AckGen in Frameworks */ = {isa = PBXBuildFile; productRef = 95555FB22960B7A2005BEF45 /* AckGen */; };
		95555FB52960B7A2005BEF45 /* AckGenUI in Frameworks */ = {isa = PBXBuildFile; productRef = 95555FB42960B7A2005BEF45 /* AckGenUI */; };
		95555FB72960B7F1005BEF45 /* Acknowledgements.plist in Resources */ = {isa = PBXBuildFile; fileRef = 95555FB62960B7F0005BEF45 /* Acknowledgements.plist */; };
		95555FB92960B8DA005BEF45 /* SettingsAcknowledgementList.swift in Sources */ = {isa = PBXBuildFile; fileRef = 95555FB82960B8DA005BEF45 /* SettingsAcknowledgementList.swift */; };
		95555FBB2960B9F7005BEF45 /* Acknowledgement+License.swift in Sources */ = {isa = PBXBuildFile; fileRef = 95555FBA2960B9F7005BEF45 /* Acknowledgement+License.swift */; };
		95555FBD2960BA6C005BEF45 /* CNPL.md in Resources */ = {isa = PBXBuildFile; fileRef = 95555FBC2960BA6C005BEF45 /* CNPL.md */; };
		95555FBF2960BC21005BEF45 /* NPL.txt in Resources */ = {isa = PBXBuildFile; fileRef = 95555FBE2960BC21005BEF45 /* NPL.txt */; };
		95555FC42960BE33005BEF45 /* MIT-HTML2Markdown.md in Resources */ = {isa = PBXBuildFile; fileRef = 95555FC32960BE33005BEF45 /* MIT-HTML2Markdown.md */; };
		95555FC62960BE9A005BEF45 /* MPLv2.txt in Resources */ = {isa = PBXBuildFile; fileRef = 95555FC52960BE9A005BEF45 /* MPLv2.txt */; };
		95555FC82960C864005BEF45 /* Collection+IsNotEmpty.swift in Sources */ = {isa = PBXBuildFile; fileRef = 95555FC72960C864005BEF45 /* Collection+IsNotEmpty.swift */; };
		9558C7E52957711A001B30C7 /* SafariView in Frameworks */ = {isa = PBXBuildFile; productRef = 9558C7E42957711A001B30C7 /* SafariView */; };
		9558C7EC29578503001B30C7 /* HTML2Markdown in Frameworks */ = {isa = PBXBuildFile; productRef = 9558C7EB29578503001B30C7 /* HTML2Markdown */; };
		9558C7EE29578B59001B30C7 /* AccountImage.swift in Sources */ = {isa = PBXBuildFile; fileRef = 9558C7ED29578B59001B30C7 /* AccountImage.swift */; };
		9558C7F029579E66001B30C7 /* GardensComposeButton.swift in Sources */ = {isa = PBXBuildFile; fileRef = 9558C7EF29579E66001B30C7 /* GardensComposeButton.swift */; };
		9558C7F229579FC9001B30C7 /* TimelineSplitViewModel.swift in Sources */ = {isa = PBXBuildFile; fileRef = 9558C7F129579FC9001B30C7 /* TimelineSplitViewModel.swift */; };
		95645BD227C5546E00FB3426 /* UserDefaults+Settings.swift in Sources */ = {isa = PBXBuildFile; fileRef = 95645BD127C5546E00FB3426 /* UserDefaults+Settings.swift */; };
		95645BD727C5550B00FB3426 /* SettingsView.swift in Sources */ = {isa = PBXBuildFile; fileRef = 95645BD627C5550B00FB3426 /* SettingsView.swift */; };
		95667E7627B85BD3009D2251 /* StatusDetailView.swift in Sources */ = {isa = PBXBuildFile; fileRef = 95667E7527B85BD3009D2251 /* StatusDetailView.swift */; };
		95667E7A27B85C3B009D2251 /* MockData.swift in Sources */ = {isa = PBXBuildFile; fileRef = 95667E7927B85C3B009D2251 /* MockData.swift */; };
		95667E7E27B86273009D2251 /* Localizable.stringsdict in Resources */ = {isa = PBXBuildFile; fileRef = 95667E7D27B86273009D2251 /* Localizable.stringsdict */; };
		95667E8027B86273009D2251 /* Localizable.stringsdict in Resources */ = {isa = PBXBuildFile; fileRef = 95667E7D27B86273009D2251 /* Localizable.stringsdict */; };
		956714122958A9D000BFF76A /* StatusNavigationListViewModel.swift in Sources */ = {isa = PBXBuildFile; fileRef = 956714112958A9D000BFF76A /* StatusNavigationListViewModel.swift */; };
		956714142958B69D00BFF76A /* StatusDisclosedContent.swift in Sources */ = {isa = PBXBuildFile; fileRef = 956714132958B69D00BFF76A /* StatusDisclosedContent.swift */; };
		956714162958C1BF00BFF76A /* AuthoringScene.swift in Sources */ = {isa = PBXBuildFile; fileRef = 956714152958C1BF00BFF76A /* AuthoringScene.swift */; };
		956714182958C7BF00BFF76A /* UserProfileEnvironmentKey.swift in Sources */ = {isa = PBXBuildFile; fileRef = 956714172958C7BF00BFF76A /* UserProfileEnvironmentKey.swift */; };
		9567141A2958C81E00BFF76A /* Profile.json in Resources */ = {isa = PBXBuildFile; fileRef = 956714192958C81E00BFF76A /* Profile.json */; };
		9567141F2958CDAB00BFF76A /* StatusDisclosedContent.swift in Sources */ = {isa = PBXBuildFile; fileRef = 956714132958B69D00BFF76A /* StatusDisclosedContent.swift */; };
		956714222958CE7900BFF76A /* MockData.swift in Sources */ = {isa = PBXBuildFile; fileRef = 95667E7927B85C3B009D2251 /* MockData.swift */; };
		956714252958D2D300BFF76A /* StatusDetailToolbar.swift in Sources */ = {isa = PBXBuildFile; fileRef = 956714242958D2D300BFF76A /* StatusDetailToolbar.swift */; };
		957AF84F29591B44000370E6 /* StatusPollView.swift in Sources */ = {isa = PBXBuildFile; fileRef = 957AF84E29591B44000370E6 /* StatusPollView.swift */; };
		957AF85029591B44000370E6 /* StatusPollView.swift in Sources */ = {isa = PBXBuildFile; fileRef = 957AF84E29591B44000370E6 /* StatusPollView.swift */; };
		957AF85229592DD1000370E6 /* AuthoringContext.swift in Sources */ = {isa = PBXBuildFile; fileRef = 957AF85129592DD1000370E6 /* AuthoringContext.swift */; };
		957AF85329592DD1000370E6 /* AuthoringContext.swift in Sources */ = {isa = PBXBuildFile; fileRef = 957AF85129592DD1000370E6 /* AuthoringContext.swift */; };
		957AF855295937CF000370E6 /* AuthorViewModel.swift in Sources */ = {isa = PBXBuildFile; fileRef = 957AF854295937CF000370E6 /* AuthorViewModel.swift */; };
		957AF856295937CF000370E6 /* AuthorViewModel.swift in Sources */ = {isa = PBXBuildFile; fileRef = 957AF854295937CF000370E6 /* AuthorViewModel.swift */; };
		958C0C9727BE930D00ED6C23 /* Account+AccountName.swift in Sources */ = {isa = PBXBuildFile; fileRef = 958C0C9627BE930D00ED6C23 /* Account+AccountName.swift */; };
		958C0C9927BE930D00ED6C23 /* Account+AccountName.swift in Sources */ = {isa = PBXBuildFile; fileRef = 958C0C9627BE930D00ED6C23 /* Account+AccountName.swift */; };
		958C0C9C27BE956F00ED6C23 /* AuthorReplySegment.swift in Sources */ = {isa = PBXBuildFile; fileRef = 958C0C9B27BE956F00ED6C23 /* AuthorReplySegment.swift */; };
		958E20902969F7F2008AE63F /* InteractionsListView.swift in Sources */ = {isa = PBXBuildFile; fileRef = 958E208F2969F7F2008AE63F /* InteractionsListView.swift */; };
		958E20922969F9FC008AE63F /* InteractionsListViewModel.swift in Sources */ = {isa = PBXBuildFile; fileRef = 958E20912969F9FC008AE63F /* InteractionsListViewModel.swift */; };
		958E20942969FF24008AE63F /* NotificationListCellView.swift in Sources */ = {isa = PBXBuildFile; fileRef = 958E20932969FF24008AE63F /* NotificationListCellView.swift */; };
		958E2096296A0671008AE63F /* GardensPageLink.swift in Sources */ = {isa = PBXBuildFile; fileRef = 958E2095296A0671008AE63F /* GardensPageLink.swift */; };
		9594DE3B27C927820036325A /* Conversation+Authors.swift in Sources */ = {isa = PBXBuildFile; fileRef = 9594DE3A27C927820036325A /* Conversation+Authors.swift */; };
		9594DE3D27C927820036325A /* Conversation+Authors.swift in Sources */ = {isa = PBXBuildFile; fileRef = 9594DE3A27C927820036325A /* Conversation+Authors.swift */; };
		95A02A6F295FE94F0013EF7C /* Alice in Frameworks */ = {isa = PBXBuildFile; productRef = 95A02A6E295FE94F0013EF7C /* Alice */; };
		95A1BF95297327B3002C88B6 /* String+Localizations.swift in Sources */ = {isa = PBXBuildFile; fileRef = 95A1BF94297327B3002C88B6 /* String+Localizations.swift */; };
		95A1BF9829738A75002C88B6 /* ProfileSheetView.swift in Sources */ = {isa = PBXBuildFile; fileRef = 95A1BF9729738A75002C88B6 /* ProfileSheetView.swift */; };
		95A1BF9A29738D33002C88B6 /* ProfileSheetViewModel.swift in Sources */ = {isa = PBXBuildFile; fileRef = 95A1BF9929738D33002C88B6 /* ProfileSheetViewModel.swift */; };
		95A5C82B296A5CA00069F174 /* StatusQuickGlanceView.swift in Sources */ = {isa = PBXBuildFile; fileRef = 95A5C82A296A5CA00069F174 /* StatusQuickGlanceView.swift */; };
		95ADADE427B6A6BB0011FD83 /* String+AttributedContent.swift in Sources */ = {isa = PBXBuildFile; fileRef = 95ADADE327B6A6BB0011FD83 /* String+AttributedContent.swift */; };
		95ADADFC27B6A96F0011FD83 /* Statuses.swift in Sources */ = {isa = PBXBuildFile; fileRef = 95ADADE727B6A7F10011FD83 /* Statuses.swift */; };
		95ADADFE27B6A9730011FD83 /* Shared.swift in Sources */ = {isa = PBXBuildFile; fileRef = 95ADADEB27B6A8E40011FD83 /* Shared.swift */; };
		95ADAE0227B6B2E10011FD83 /* StatusView.swift in Sources */ = {isa = PBXBuildFile; fileRef = 95ADAE0127B6B2E10011FD83 /* StatusView.swift */; };
		95ADAE0627B6B3900011FD83 /* Status.json in Resources */ = {isa = PBXBuildFile; fileRef = 95ADAE0527B6B3900011FD83 /* Status.json */; };
		95ADAE0A27B6B49A0011FD83 /* JSONDecoder+Resources.swift in Sources */ = {isa = PBXBuildFile; fileRef = 95ADAE0927B6B49A0011FD83 /* JSONDecoder+Resources.swift */; };
		95ADAE0C27B6B49A0011FD83 /* JSONDecoder+Resources.swift in Sources */ = {isa = PBXBuildFile; fileRef = 95ADAE0927B6B49A0011FD83 /* JSONDecoder+Resources.swift */; };
		95ADAE1227B6CDC50011FD83 /* DateFormatter+Mastodon.swift in Sources */ = {isa = PBXBuildFile; fileRef = 95ADAE1127B6CDC50011FD83 /* DateFormatter+Mastodon.swift */; };
		95ADAE1427B6CDC50011FD83 /* DateFormatter+Mastodon.swift in Sources */ = {isa = PBXBuildFile; fileRef = 95ADAE1127B6CDC50011FD83 /* DateFormatter+Mastodon.swift */; };
		95ADAE1627B6D9140011FD83 /* Timeline.json in Resources */ = {isa = PBXBuildFile; fileRef = 95ADAE1527B6D9140011FD83 /* Timeline.json */; };
		95ADAE1827B6D9140011FD83 /* Timeline.json in Resources */ = {isa = PBXBuildFile; fileRef = 95ADAE1527B6D9140011FD83 /* Timeline.json */; };
		95ADAE1A27B6D9740011FD83 /* StatusNavigationList.swift in Sources */ = {isa = PBXBuildFile; fileRef = 95ADAE1927B6D9740011FD83 /* StatusNavigationList.swift */; };
		95ADAE1F27B6DC120011FD83 /* GardensAppWideLayout.swift in Sources */ = {isa = PBXBuildFile; fileRef = 95ADAE1E27B6DC120011FD83 /* GardensAppWideLayout.swift */; };
		95B368A12965106C00336284 /* URL+CustomInits.swift in Sources */ = {isa = PBXBuildFile; fileRef = 95B368A02965106C00336284 /* URL+CustomInits.swift */; };
		95C0AF3E27C688170007D1D0 /* Context.json in Resources */ = {isa = PBXBuildFile; fileRef = 95C0AF3D27C688170007D1D0 /* Context.json */; };
		95C0AF4027C688170007D1D0 /* Context.json in Resources */ = {isa = PBXBuildFile; fileRef = 95C0AF3D27C688170007D1D0 /* Context.json */; };
		95C0AF4227C6B1AC0007D1D0 /* Conversation.json in Resources */ = {isa = PBXBuildFile; fileRef = 95C0AF4127C6B1AC0007D1D0 /* Conversation.json */; };
		95C0AF4427C6B1AC0007D1D0 /* Conversation.json in Resources */ = {isa = PBXBuildFile; fileRef = 95C0AF4127C6B1AC0007D1D0 /* Conversation.json */; };
		95C0AF4627C6B39E0007D1D0 /* MessagingDetailView.swift in Sources */ = {isa = PBXBuildFile; fileRef = 95C0AF4527C6B39E0007D1D0 /* MessagingDetailView.swift */; };
		95C0AF4A27C6C7920007D1D0 /* MessagingAuthorView.swift in Sources */ = {isa = PBXBuildFile; fileRef = 95C0AF4927C6C7920007D1D0 /* MessagingAuthorView.swift */; };
		95CC7593295BEBC600629798 /* MessagingDetailViewModel.swift in Sources */ = {isa = PBXBuildFile; fileRef = 95CC7592295BEBC600629798 /* MessagingDetailViewModel.swift */; };
		95CD3C4D296509470043CDB2 /* InterventionAuthorizationContext.swift in Sources */ = {isa = PBXBuildFile; fileRef = 95CD3C4C296509470043CDB2 /* InterventionAuthorizationContext.swift */; };
		95CD3C4F29650A600043CDB2 /* GardensViewModel.swift in Sources */ = {isa = PBXBuildFile; fileRef = 95CD3C4E29650A600043CDB2 /* GardensViewModel.swift */; };
		95CEFDE82959637400EEE96C /* StatusVerifiedButton.swift in Sources */ = {isa = PBXBuildFile; fileRef = 95CEFDE72959637400EEE96C /* StatusVerifiedButton.swift */; };
		95CEFDE92959637400EEE96C /* StatusVerifiedButton.swift in Sources */ = {isa = PBXBuildFile; fileRef = 95CEFDE72959637400EEE96C /* StatusVerifiedButton.swift */; };
		95CEFDEB295A031E00EEE96C /* Pip.swift in Sources */ = {isa = PBXBuildFile; fileRef = 95CEFDEA295A031E00EEE96C /* Pip.swift */; };
		95CEFDEC295A031E00EEE96C /* Pip.swift in Sources */ = {isa = PBXBuildFile; fileRef = 95CEFDEA295A031E00EEE96C /* Pip.swift */; };
		95CEFDEE295A388100EEE96C /* StatusDetailQuote.swift in Sources */ = {isa = PBXBuildFile; fileRef = 95CEFDED295A388100EEE96C /* StatusDetailQuote.swift */; };
		95CEFDF0295A38E500EEE96C /* StatusContextProvider.swift in Sources */ = {isa = PBXBuildFile; fileRef = 95CEFDEF295A38E500EEE96C /* StatusContextProvider.swift */; };
		95CEFDF2295A3B4900EEE96C /* StatusAuthorExtendedLabel.swift in Sources */ = {isa = PBXBuildFile; fileRef = 95CEFDF1295A3B4900EEE96C /* StatusAuthorExtendedLabel.swift */; };
		95D1036C27A00AF000B1EE3C /* License.pdf in Resources */ = {isa = PBXBuildFile; fileRef = 95D1036B27A00AF000B1EE3C /* License.pdf */; };
		95D2704E27C6F5A200805262 /* MessagingListCellView.swift in Sources */ = {isa = PBXBuildFile; fileRef = 95D2704D27C6F5A200805262 /* MessagingListCellView.swift */; };
		95D2705127C6FEFA00805262 /* MessagingList.swift in Sources */ = {isa = PBXBuildFile; fileRef = 95D2705027C6FEFA00805262 /* MessagingList.swift */; };
		95D3E521295FD36800800FE6 /* Disallow.plist in Resources */ = {isa = PBXBuildFile; fileRef = 95D3E520295FD36800800FE6 /* Disallow.plist */; };
		95D3EADD27BBE51F00AF33D9 /* AuthorView.swift in Sources */ = {isa = PBXBuildFile; fileRef = 95D3EADC27BBE51F00AF33D9 /* AuthorView.swift */; };
		95E4531F27D7B49C00572758 /* AuthenticationBrowserWindow.swift in Sources */ = {isa = PBXBuildFile; fileRef = 95E4531E27D7B49C00572758 /* AuthenticationBrowserWindow.swift */; };
		95F2DE22297253FD00553937 /* Label+SettingsStyle.swift in Sources */ = {isa = PBXBuildFile; fileRef = 95F2DE21297253FD00553937 /* Label+SettingsStyle.swift */; };
		95F2DE2429725C6100553937 /* BetaBadge.swift in Sources */ = {isa = PBXBuildFile; fileRef = 95F2DE2329725C6100553937 /* BetaBadge.swift */; };
		95F2DE26297262D700553937 /* SettingsInterventionPage.swift in Sources */ = {isa = PBXBuildFile; fileRef = 95F2DE25297262D700553937 /* SettingsInterventionPage.swift */; };
		95F2DE2929726A7E00553937 /* Drops in Frameworks */ = {isa = PBXBuildFile; productRef = 95F2DE2829726A7E00553937 /* Drops */; };
/* End PBXBuildFile section */

/* Begin PBXFileReference section */
		95009EF0295D440B00F32F85 /* Fedigardens.entitlements */ = {isa = PBXFileReference; lastKnownFileType = text.plist.entitlements; path = Fedigardens.entitlements; sourceTree = "<group>"; };
		95009EF1295E711100F32F85 /* AuthenticationViewModel.swift */ = {isa = PBXFileReference; lastKnownFileType = sourcecode.swift; path = AuthenticationViewModel.swift; sourceTree = "<group>"; };
		95009EF3295E780A00F32F85 /* GardensAppLayoutViewModel.swift */ = {isa = PBXFileReference; lastKnownFileType = sourcecode.swift; path = GardensAppLayoutViewModel.swift; sourceTree = "<group>"; };
		95019DAA27A82124005DF870 /* Capstone--iOS--Info.plist */ = {isa = PBXFileReference; lastKnownFileType = text.plist.xml; path = "Capstone--iOS--Info.plist"; sourceTree = "<group>"; };
		9503EFAE27B4173C00ABB7B0 /* AuthenticationView.swift */ = {isa = PBXFileReference; lastKnownFileType = sourcecode.swift; path = AuthenticationView.swift; sourceTree = "<group>"; };
		9503EFB627B417DD00ABB7B0 /* en */ = {isa = PBXFileReference; lastKnownFileType = text.plist.strings; name = en; path = en.lproj/Localizable.strings; sourceTree = "<group>"; };
		952A011027C67F3F00F36B37 /* MessagingPresentationView.swift */ = {isa = PBXFileReference; lastKnownFileType = sourcecode.swift; path = MessagingPresentationView.swift; sourceTree = "<group>"; };
		952A06E029691B95008340A4 /* GardensAppCompactLayout.swift */ = {isa = PBXFileReference; lastKnownFileType = sourcecode.swift; path = GardensAppCompactLayout.swift; sourceTree = "<group>"; };
		952A06E229691C3D008340A4 /* GardensAppPage.swift */ = {isa = PBXFileReference; lastKnownFileType = sourcecode.swift; path = GardensAppPage.swift; sourceTree = "<group>"; };
		952A06E429692E95008340A4 /* UIDevice+Model.swift */ = {isa = PBXFileReference; lastKnownFileType = sourcecode.swift; path = "UIDevice+Model.swift"; sourceTree = "<group>"; };
		95369B5827B82D4100F39531 /* TimelineSplitView.swift */ = {isa = PBXFileReference; lastKnownFileType = sourcecode.swift; path = TimelineSplitView.swift; sourceTree = "<group>"; };
		95369B5C27B82E7D00F39531 /* LayoutStateRepresentable.swift */ = {isa = PBXFileReference; lastKnownFileType = sourcecode.swift; path = LayoutStateRepresentable.swift; sourceTree = "<group>"; };
		953BC7BE2957B9E0005C7F2A /* Status+URIToUrl.swift */ = {isa = PBXFileReference; lastKnownFileType = sourcecode.swift; path = "Status+URIToUrl.swift"; sourceTree = "<group>"; };
		953BC7C42957C73E005C7F2A /* StatusDetailViewModel.swift */ = {isa = PBXFileReference; lastKnownFileType = sourcecode.swift; path = StatusDetailViewModel.swift; sourceTree = "<group>"; };
		953BC7C72957E156005C7F2A /* RecursiveNavigationView.swift */ = {isa = PBXFileReference; lastKnownFileType = sourcecode.swift; path = RecursiveNavigationView.swift; sourceTree = "<group>"; };
		953BC7CA2957EC27005C7F2A /* HashableType.swift */ = {isa = PBXFileReference; lastKnownFileType = sourcecode.swift; path = HashableType.swift; sourceTree = "<group>"; };
		953BC7CD2957FD94005C7F2A /* StatusMediaDrawer.swift */ = {isa = PBXFileReference; lastKnownFileType = sourcecode.swift; path = StatusMediaDrawer.swift; sourceTree = "<group>"; };
		953DE4CB27D662450043A357 /* .swiftformat */ = {isa = PBXFileReference; lastKnownFileType = text; name = .swiftformat; path = ../.swiftformat; sourceTree = "<group>"; };
		953DE4CE27D66BEF0043A357 /* .swiftlint.yml */ = {isa = PBXFileReference; lastKnownFileType = text.yaml; name = .swiftlint.yml; path = ../.swiftlint.yml; sourceTree = "<group>"; };
		953DE4D227D69C7D0043A357 /* Bundle+AppVersion.swift */ = {isa = PBXFileReference; fileEncoding = 4; lastKnownFileType = sourcecode.swift; path = "Bundle+AppVersion.swift"; sourceTree = "<group>"; };
		954722F627A0093F00D1BA89 /* Gardens.swift */ = {isa = PBXFileReference; lastKnownFileType = sourcecode.swift; path = Gardens.swift; sourceTree = "<group>"; };
		954722F727A0093F00D1BA89 /* ContentView.swift */ = {isa = PBXFileReference; lastKnownFileType = sourcecode.swift; path = ContentView.swift; sourceTree = "<group>"; };
		954722F827A0094000D1BA89 /* Assets.xcassets */ = {isa = PBXFileReference; lastKnownFileType = folder.assetcatalog; path = Assets.xcassets; sourceTree = "<group>"; };
		954722FD27A0094000D1BA89 /* Fedigardens.app */ = {isa = PBXFileReference; explicitFileType = wrapper.application; includeInIndex = 0; path = Fedigardens.app; sourceTree = BUILT_PRODUCTS_DIR; };
		95555FB62960B7F0005BEF45 /* Acknowledgements.plist */ = {isa = PBXFileReference; fileEncoding = 4; lastKnownFileType = text.plist.xml; path = Acknowledgements.plist; sourceTree = "<group>"; };
		95555FB82960B8DA005BEF45 /* SettingsAcknowledgementList.swift */ = {isa = PBXFileReference; lastKnownFileType = sourcecode.swift; path = SettingsAcknowledgementList.swift; sourceTree = "<group>"; };
		95555FBA2960B9F7005BEF45 /* Acknowledgement+License.swift */ = {isa = PBXFileReference; lastKnownFileType = sourcecode.swift; path = "Acknowledgement+License.swift"; sourceTree = "<group>"; };
		95555FBC2960BA6C005BEF45 /* CNPL.md */ = {isa = PBXFileReference; fileEncoding = 4; lastKnownFileType = net.daringfireball.markdown; path = CNPL.md; sourceTree = "<group>"; };
		95555FBE2960BC21005BEF45 /* NPL.txt */ = {isa = PBXFileReference; fileEncoding = 4; lastKnownFileType = text; path = NPL.txt; sourceTree = "<group>"; };
		95555FC32960BE33005BEF45 /* MIT-HTML2Markdown.md */ = {isa = PBXFileReference; fileEncoding = 4; lastKnownFileType = net.daringfireball.markdown; path = "MIT-HTML2Markdown.md"; sourceTree = "<group>"; };
		95555FC52960BE9A005BEF45 /* MPLv2.txt */ = {isa = PBXFileReference; fileEncoding = 4; lastKnownFileType = text; path = MPLv2.txt; sourceTree = "<group>"; };
		95555FC72960C864005BEF45 /* Collection+IsNotEmpty.swift */ = {isa = PBXFileReference; lastKnownFileType = sourcecode.swift; path = "Collection+IsNotEmpty.swift"; sourceTree = "<group>"; };
		9558C7ED29578B59001B30C7 /* AccountImage.swift */ = {isa = PBXFileReference; lastKnownFileType = sourcecode.swift; path = AccountImage.swift; sourceTree = "<group>"; };
		9558C7EF29579E66001B30C7 /* GardensComposeButton.swift */ = {isa = PBXFileReference; lastKnownFileType = sourcecode.swift; path = GardensComposeButton.swift; sourceTree = "<group>"; };
		9558C7F129579FC9001B30C7 /* TimelineSplitViewModel.swift */ = {isa = PBXFileReference; lastKnownFileType = sourcecode.swift; path = TimelineSplitViewModel.swift; sourceTree = "<group>"; };
		95645BD127C5546E00FB3426 /* UserDefaults+Settings.swift */ = {isa = PBXFileReference; lastKnownFileType = sourcecode.swift; path = "UserDefaults+Settings.swift"; sourceTree = "<group>"; };
		95645BD627C5550B00FB3426 /* SettingsView.swift */ = {isa = PBXFileReference; lastKnownFileType = sourcecode.swift; path = SettingsView.swift; sourceTree = "<group>"; };
		95667E7527B85BD3009D2251 /* StatusDetailView.swift */ = {isa = PBXFileReference; lastKnownFileType = sourcecode.swift; path = StatusDetailView.swift; sourceTree = "<group>"; };
		95667E7927B85C3B009D2251 /* MockData.swift */ = {isa = PBXFileReference; lastKnownFileType = sourcecode.swift; path = MockData.swift; sourceTree = "<group>"; };
		95667E7D27B86273009D2251 /* Localizable.stringsdict */ = {isa = PBXFileReference; lastKnownFileType = text.plist.stringsdict; path = Localizable.stringsdict; sourceTree = "<group>"; };
		956714112958A9D000BFF76A /* StatusNavigationListViewModel.swift */ = {isa = PBXFileReference; lastKnownFileType = sourcecode.swift; path = StatusNavigationListViewModel.swift; sourceTree = "<group>"; };
		956714132958B69D00BFF76A /* StatusDisclosedContent.swift */ = {isa = PBXFileReference; lastKnownFileType = sourcecode.swift; path = StatusDisclosedContent.swift; sourceTree = "<group>"; };
		956714152958C1BF00BFF76A /* AuthoringScene.swift */ = {isa = PBXFileReference; lastKnownFileType = sourcecode.swift; path = AuthoringScene.swift; sourceTree = "<group>"; };
		956714172958C7BF00BFF76A /* UserProfileEnvironmentKey.swift */ = {isa = PBXFileReference; lastKnownFileType = sourcecode.swift; path = UserProfileEnvironmentKey.swift; sourceTree = "<group>"; };
		956714192958C81E00BFF76A /* Profile.json */ = {isa = PBXFileReference; lastKnownFileType = text.json; path = Profile.json; sourceTree = "<group>"; };
		956714242958D2D300BFF76A /* StatusDetailToolbar.swift */ = {isa = PBXFileReference; lastKnownFileType = sourcecode.swift; path = StatusDetailToolbar.swift; sourceTree = "<group>"; };
		957AF84E29591B44000370E6 /* StatusPollView.swift */ = {isa = PBXFileReference; lastKnownFileType = sourcecode.swift; path = StatusPollView.swift; sourceTree = "<group>"; };
		957AF85129592DD1000370E6 /* AuthoringContext.swift */ = {isa = PBXFileReference; lastKnownFileType = sourcecode.swift; path = AuthoringContext.swift; sourceTree = "<group>"; };
		957AF854295937CF000370E6 /* AuthorViewModel.swift */ = {isa = PBXFileReference; lastKnownFileType = sourcecode.swift; path = AuthorViewModel.swift; sourceTree = "<group>"; };
		958C0C9627BE930D00ED6C23 /* Account+AccountName.swift */ = {isa = PBXFileReference; lastKnownFileType = sourcecode.swift; path = "Account+AccountName.swift"; sourceTree = "<group>"; };
		958C0C9B27BE956F00ED6C23 /* AuthorReplySegment.swift */ = {isa = PBXFileReference; lastKnownFileType = sourcecode.swift; path = AuthorReplySegment.swift; sourceTree = "<group>"; };
		958E208F2969F7F2008AE63F /* InteractionsListView.swift */ = {isa = PBXFileReference; lastKnownFileType = sourcecode.swift; path = InteractionsListView.swift; sourceTree = "<group>"; };
		958E20912969F9FC008AE63F /* InteractionsListViewModel.swift */ = {isa = PBXFileReference; lastKnownFileType = sourcecode.swift; path = InteractionsListViewModel.swift; sourceTree = "<group>"; };
		958E20932969FF24008AE63F /* NotificationListCellView.swift */ = {isa = PBXFileReference; lastKnownFileType = sourcecode.swift; path = NotificationListCellView.swift; sourceTree = "<group>"; };
		958E2095296A0671008AE63F /* GardensPageLink.swift */ = {isa = PBXFileReference; lastKnownFileType = sourcecode.swift; path = GardensPageLink.swift; sourceTree = "<group>"; };
		9594DE3A27C927820036325A /* Conversation+Authors.swift */ = {isa = PBXFileReference; lastKnownFileType = sourcecode.swift; path = "Conversation+Authors.swift"; sourceTree = "<group>"; };
		95A02A70295FE98B0013EF7C /* Alice */ = {isa = PBXFileReference; lastKnownFileType = wrapper; name = Alice; path = ../Packages/Alice; sourceTree = "<group>"; };
		95A1BF94297327B3002C88B6 /* String+Localizations.swift */ = {isa = PBXFileReference; lastKnownFileType = sourcecode.swift; path = "String+Localizations.swift"; sourceTree = "<group>"; };
		95A1BF9729738A75002C88B6 /* ProfileSheetView.swift */ = {isa = PBXFileReference; lastKnownFileType = sourcecode.swift; path = ProfileSheetView.swift; sourceTree = "<group>"; };
		95A1BF9929738D33002C88B6 /* ProfileSheetViewModel.swift */ = {isa = PBXFileReference; lastKnownFileType = sourcecode.swift; path = ProfileSheetViewModel.swift; sourceTree = "<group>"; };
		95A5C82A296A5CA00069F174 /* StatusQuickGlanceView.swift */ = {isa = PBXFileReference; lastKnownFileType = sourcecode.swift; path = StatusQuickGlanceView.swift; sourceTree = "<group>"; };
		95ADADE327B6A6BB0011FD83 /* String+AttributedContent.swift */ = {isa = PBXFileReference; lastKnownFileType = sourcecode.swift; path = "String+AttributedContent.swift"; sourceTree = "<group>"; };
		95ADADE727B6A7F10011FD83 /* Statuses.swift */ = {isa = PBXFileReference; lastKnownFileType = sourcecode.swift; path = Statuses.swift; sourceTree = "<group>"; };
		95ADADEB27B6A8E40011FD83 /* Shared.swift */ = {isa = PBXFileReference; lastKnownFileType = sourcecode.swift; path = Shared.swift; sourceTree = "<group>"; };
		95ADADF327B6A9630011FD83 /* Tests.xctest */ = {isa = PBXFileReference; explicitFileType = wrapper.cfbundle; includeInIndex = 0; path = Tests.xctest; sourceTree = BUILT_PRODUCTS_DIR; };
		95ADAE0127B6B2E10011FD83 /* StatusView.swift */ = {isa = PBXFileReference; lastKnownFileType = sourcecode.swift; path = StatusView.swift; sourceTree = "<group>"; };
		95ADAE0527B6B3900011FD83 /* Status.json */ = {isa = PBXFileReference; lastKnownFileType = text.json; path = Status.json; sourceTree = "<group>"; };
		95ADAE0827B6B3BA0011FD83 /* README.md */ = {isa = PBXFileReference; lastKnownFileType = net.daringfireball.markdown; path = README.md; sourceTree = "<group>"; };
		95ADAE0927B6B49A0011FD83 /* JSONDecoder+Resources.swift */ = {isa = PBXFileReference; lastKnownFileType = sourcecode.swift; path = "JSONDecoder+Resources.swift"; sourceTree = "<group>"; };
		95ADAE1127B6CDC50011FD83 /* DateFormatter+Mastodon.swift */ = {isa = PBXFileReference; lastKnownFileType = sourcecode.swift; path = "DateFormatter+Mastodon.swift"; sourceTree = "<group>"; };
		95ADAE1527B6D9140011FD83 /* Timeline.json */ = {isa = PBXFileReference; lastKnownFileType = text.json; path = Timeline.json; sourceTree = "<group>"; };
		95ADAE1927B6D9740011FD83 /* StatusNavigationList.swift */ = {isa = PBXFileReference; lastKnownFileType = sourcecode.swift; path = StatusNavigationList.swift; sourceTree = "<group>"; };
		95ADAE1E27B6DC120011FD83 /* GardensAppWideLayout.swift */ = {isa = PBXFileReference; lastKnownFileType = sourcecode.swift; path = GardensAppWideLayout.swift; sourceTree = "<group>"; };
		95B368A02965106C00336284 /* URL+CustomInits.swift */ = {isa = PBXFileReference; lastKnownFileType = sourcecode.swift; path = "URL+CustomInits.swift"; sourceTree = "<group>"; };
		95C0AF3D27C688170007D1D0 /* Context.json */ = {isa = PBXFileReference; lastKnownFileType = text.json; path = Context.json; sourceTree = "<group>"; };
		95C0AF4127C6B1AC0007D1D0 /* Conversation.json */ = {isa = PBXFileReference; lastKnownFileType = text.json; path = Conversation.json; sourceTree = "<group>"; };
		95C0AF4527C6B39E0007D1D0 /* MessagingDetailView.swift */ = {isa = PBXFileReference; lastKnownFileType = sourcecode.swift; path = MessagingDetailView.swift; sourceTree = "<group>"; };
		95C0AF4927C6C7920007D1D0 /* MessagingAuthorView.swift */ = {isa = PBXFileReference; lastKnownFileType = sourcecode.swift; path = MessagingAuthorView.swift; sourceTree = "<group>"; };
		95CC7592295BEBC600629798 /* MessagingDetailViewModel.swift */ = {isa = PBXFileReference; lastKnownFileType = sourcecode.swift; path = MessagingDetailViewModel.swift; sourceTree = "<group>"; };
		95CD3C4C296509470043CDB2 /* InterventionAuthorizationContext.swift */ = {isa = PBXFileReference; lastKnownFileType = sourcecode.swift; path = InterventionAuthorizationContext.swift; sourceTree = "<group>"; };
		95CD3C4E29650A600043CDB2 /* GardensViewModel.swift */ = {isa = PBXFileReference; lastKnownFileType = sourcecode.swift; path = GardensViewModel.swift; sourceTree = "<group>"; };
		95CEFDE72959637400EEE96C /* StatusVerifiedButton.swift */ = {isa = PBXFileReference; lastKnownFileType = sourcecode.swift; path = StatusVerifiedButton.swift; sourceTree = "<group>"; };
		95CEFDEA295A031E00EEE96C /* Pip.swift */ = {isa = PBXFileReference; lastKnownFileType = sourcecode.swift; path = Pip.swift; sourceTree = "<group>"; };
		95CEFDED295A388100EEE96C /* StatusDetailQuote.swift */ = {isa = PBXFileReference; lastKnownFileType = sourcecode.swift; path = StatusDetailQuote.swift; sourceTree = "<group>"; };
		95CEFDEF295A38E500EEE96C /* StatusContextProvider.swift */ = {isa = PBXFileReference; lastKnownFileType = sourcecode.swift; path = StatusContextProvider.swift; sourceTree = "<group>"; };
		95CEFDF1295A3B4900EEE96C /* StatusAuthorExtendedLabel.swift */ = {isa = PBXFileReference; lastKnownFileType = sourcecode.swift; path = StatusAuthorExtendedLabel.swift; sourceTree = "<group>"; };
		95D1036B27A00AF000B1EE3C /* License.pdf */ = {isa = PBXFileReference; lastKnownFileType = image.pdf; path = License.pdf; sourceTree = "<group>"; };
		95D2704D27C6F5A200805262 /* MessagingListCellView.swift */ = {isa = PBXFileReference; lastKnownFileType = sourcecode.swift; path = MessagingListCellView.swift; sourceTree = "<group>"; };
		95D2705027C6FEFA00805262 /* MessagingList.swift */ = {isa = PBXFileReference; lastKnownFileType = sourcecode.swift; path = MessagingList.swift; sourceTree = "<group>"; };
		95D3E520295FD36800800FE6 /* Disallow.plist */ = {isa = PBXFileReference; lastKnownFileType = text.plist.xml; path = Disallow.plist; sourceTree = "<group>"; };
		95D3EADC27BBE51F00AF33D9 /* AuthorView.swift */ = {isa = PBXFileReference; lastKnownFileType = sourcecode.swift; path = AuthorView.swift; sourceTree = "<group>"; };
		95E4531E27D7B49C00572758 /* AuthenticationBrowserWindow.swift */ = {isa = PBXFileReference; lastKnownFileType = sourcecode.swift; path = AuthenticationBrowserWindow.swift; sourceTree = "<group>"; };
		95F2DE21297253FD00553937 /* Label+SettingsStyle.swift */ = {isa = PBXFileReference; lastKnownFileType = sourcecode.swift; path = "Label+SettingsStyle.swift"; sourceTree = "<group>"; };
		95F2DE2329725C6100553937 /* BetaBadge.swift */ = {isa = PBXFileReference; lastKnownFileType = sourcecode.swift; path = BetaBadge.swift; sourceTree = "<group>"; };
		95F2DE25297262D700553937 /* SettingsInterventionPage.swift */ = {isa = PBXFileReference; lastKnownFileType = sourcecode.swift; path = SettingsInterventionPage.swift; sourceTree = "<group>"; };
/* End PBXFileReference section */

/* Begin PBXFrameworksBuildPhase section */
		954722FA27A0094000D1BA89 /* Frameworks */ = {
			isa = PBXFrameworksBuildPhase;
			buildActionMask = 2147483647;
			files = (
				95A02A6F295FE94F0013EF7C /* Alice in Frameworks */,
				95555FB52960B7A2005BEF45 /* AckGenUI in Frameworks */,
				9558C7EC29578503001B30C7 /* HTML2Markdown in Frameworks */,
				95F2DE2929726A7E00553937 /* Drops in Frameworks */,
				9558C7E52957711A001B30C7 /* SafariView in Frameworks */,
				95555FB32960B7A2005BEF45 /* AckGen in Frameworks */,
			);
			runOnlyForDeploymentPostprocessing = 0;
		};
		95ADADF027B6A9630011FD83 /* Frameworks */ = {
			isa = PBXFrameworksBuildPhase;
			buildActionMask = 2147483647;
			files = (
			);
			runOnlyForDeploymentPostprocessing = 0;
		};
/* End PBXFrameworksBuildPhase section */

/* Begin PBXGroup section */
		952A010F27C67F1400F36B37 /* Messaging */ = {
			isa = PBXGroup;
			children = (
				952A011027C67F3F00F36B37 /* MessagingPresentationView.swift */,
				95C0AF4527C6B39E0007D1D0 /* MessagingDetailView.swift */,
				95C0AF4927C6C7920007D1D0 /* MessagingAuthorView.swift */,
				95D2704D27C6F5A200805262 /* MessagingListCellView.swift */,
				95D2705027C6FEFA00805262 /* MessagingList.swift */,
				95CC7592295BEBC600629798 /* MessagingDetailViewModel.swift */,
			);
			path = Messaging;
			sourceTree = "<group>";
		};
		95369B6927B8406B00F39531 /* Statuses */ = {
			isa = PBXGroup;
			children = (
				9567141D2958CD6400BFF76A /* Status Components */,
				95ADAE0127B6B2E10011FD83 /* StatusView.swift */,
				95A5C82A296A5CA00069F174 /* StatusQuickGlanceView.swift */,
			);
			path = Statuses;
			sourceTree = "<group>";
		};
		953DE4D027D66C0B0043A357 /* App Properties */ = {
			isa = PBXGroup;
			children = (
				95019DAA27A82124005DF870 /* Capstone--iOS--Info.plist */,
			);
			name = "App Properties";
			sourceTree = "<group>";
		};
		954722F027A0093F00D1BA89 = {
			isa = PBXGroup;
			children = (
				95A02A66295FE88B0013EF7C /* Packages */,
				95009EF0295D440B00F32F85 /* Fedigardens.entitlements */,
				95ADAE0027B6B2D10011FD83 /* Modules */,
				95D1036E27A00AF400B1EE3C /* Resources */,
				956714232958CEF500BFF76A /* Supporting Files */,
				95ADADF427B6A9630011FD83 /* Tests */,
				95ADADE227B6A6AB0011FD83 /* Utilities */,
				95A02A6B295FE93E0013EF7C /* Frameworks */,
			);
			sourceTree = "<group>";
		};
		954722FE27A0094000D1BA89 /* Products */ = {
			isa = PBXGroup;
			children = (
				954722FD27A0094000D1BA89 /* Fedigardens.app */,
				95ADADF327B6A9630011FD83 /* Tests.xctest */,
			);
			name = Products;
			path = ..;
			sourceTree = "<group>";
		};
		95555FC02960BDDD005BEF45 /* Licenses */ = {
			isa = PBXGroup;
			children = (
				95555FC52960BE9A005BEF45 /* MPLv2.txt */,
				95555FC32960BE33005BEF45 /* MIT-HTML2Markdown.md */,
				95555FBC2960BA6C005BEF45 /* CNPL.md */,
				95555FBE2960BC21005BEF45 /* NPL.txt */,
			);
			name = Licenses;
			sourceTree = "<group>";
		};
		9558C7E829577365001B30C7 /* Localizations */ = {
			isa = PBXGroup;
			children = (
				95667E7D27B86273009D2251 /* Localizable.stringsdict */,
				9503EFB727B417DD00ABB7B0 /* Localizable.strings */,
			);
			path = Localizations;
			sourceTree = "<group>";
		};
		9558C7E9295775E9001B30C7 /* Bootstrapping */ = {
			isa = PBXGroup;
			children = (
				954722F627A0093F00D1BA89 /* Gardens.swift */,
				954722F727A0093F00D1BA89 /* ContentView.swift */,
				956714172958C7BF00BFF76A /* UserProfileEnvironmentKey.swift */,
				95CD3C4E29650A600043CDB2 /* GardensViewModel.swift */,
			);
			path = Bootstrapping;
			sourceTree = "<group>";
		};
		95645BD527C554FB00FB3426 /* Settings */ = {
			isa = PBXGroup;
			children = (
				95645BD127C5546E00FB3426 /* UserDefaults+Settings.swift */,
				95645BD627C5550B00FB3426 /* SettingsView.swift */,
				95555FB82960B8DA005BEF45 /* SettingsAcknowledgementList.swift */,
				95F2DE21297253FD00553937 /* Label+SettingsStyle.swift */,
				95F2DE25297262D700553937 /* SettingsInterventionPage.swift */,
			);
			path = Settings;
			sourceTree = "<group>";
		};
		9567141B2958CD4C00BFF76A /* Timeline Split View */ = {
			isa = PBXGroup;
			children = (
				95369B5827B82D4100F39531 /* TimelineSplitView.swift */,
				9558C7F129579FC9001B30C7 /* TimelineSplitViewModel.swift */,
			);
			path = "Timeline Split View";
			sourceTree = "<group>";
		};
		9567141C2958CD5600BFF76A /* Status Navigation List */ = {
			isa = PBXGroup;
			children = (
				95ADAE1927B6D9740011FD83 /* StatusNavigationList.swift */,
				956714112958A9D000BFF76A /* StatusNavigationListViewModel.swift */,
			);
			path = "Status Navigation List";
			sourceTree = "<group>";
		};
		9567141D2958CD6400BFF76A /* Status Components */ = {
			isa = PBXGroup;
			children = (
				956714132958B69D00BFF76A /* StatusDisclosedContent.swift */,
				953BC7CD2957FD94005C7F2A /* StatusMediaDrawer.swift */,
				957AF84E29591B44000370E6 /* StatusPollView.swift */,
				95CEFDE72959637400EEE96C /* StatusVerifiedButton.swift */,
				95CEFDF1295A3B4900EEE96C /* StatusAuthorExtendedLabel.swift */,
			);
			path = "Status Components";
			sourceTree = "<group>";
		};
		9567141E2958CD9600BFF76A /* Status Detail View */ = {
			isa = PBXGroup;
			children = (
				95667E7527B85BD3009D2251 /* StatusDetailView.swift */,
				953BC7C42957C73E005C7F2A /* StatusDetailViewModel.swift */,
				956714242958D2D300BFF76A /* StatusDetailToolbar.swift */,
				95CEFDED295A388100EEE96C /* StatusDetailQuote.swift */,
				95CEFDEF295A38E500EEE96C /* StatusContextProvider.swift */,
			);
			path = "Status Detail View";
			sourceTree = "<group>";
		};
		956714202958CDC300BFF76A /* Components */ = {
			isa = PBXGroup;
			children = (
				9558C7ED29578B59001B30C7 /* AccountImage.swift */,
				953BC7C72957E156005C7F2A /* RecursiveNavigationView.swift */,
				95F2DE2329725C6100553937 /* BetaBadge.swift */,
			);
			path = Components;
			sourceTree = "<group>";
		};
		956714212958CE6800BFF76A /* Extensions */ = {
			isa = PBXGroup;
			children = (
				959349F1295A94ED0073D000 /* Chica */,
				953DE4D227D69C7D0043A357 /* Bundle+AppVersion.swift */,
				95ADAE1127B6CDC50011FD83 /* DateFormatter+Mastodon.swift */,
				95ADAE0927B6B49A0011FD83 /* JSONDecoder+Resources.swift */,
				95ADADE327B6A6BB0011FD83 /* String+AttributedContent.swift */,
				95A1BF94297327B3002C88B6 /* String+Localizations.swift */,
			);
			path = Extensions;
			sourceTree = "<group>";
		};
		956714232958CEF500BFF76A /* Supporting Files */ = {
			isa = PBXGroup;
			children = (
				95555FC02960BDDD005BEF45 /* Licenses */,
				95555FB62960B7F0005BEF45 /* Acknowledgements.plist */,
				95A3587027B2B18D00DBB76E /* Metadata */,
				954722FE27A0094000D1BA89 /* Products */,
			);
			path = "Supporting Files";
			sourceTree = "<group>";
		};
		958C0C9A27BE955E00ED6C23 /* Author */ = {
			isa = PBXGroup;
			children = (
				956714152958C1BF00BFF76A /* AuthoringScene.swift */,
				95D3EADC27BBE51F00AF33D9 /* AuthorView.swift */,
				958C0C9B27BE956F00ED6C23 /* AuthorReplySegment.swift */,
				9558C7EF29579E66001B30C7 /* GardensComposeButton.swift */,
				957AF85129592DD1000370E6 /* AuthoringContext.swift */,
				957AF854295937CF000370E6 /* AuthorViewModel.swift */,
			);
			path = Author;
			sourceTree = "<group>";
		};
		958E208E2969F7E0008AE63F /* Interactions */ = {
			isa = PBXGroup;
			children = (
				958E208F2969F7F2008AE63F /* InteractionsListView.swift */,
				958E20912969F9FC008AE63F /* InteractionsListViewModel.swift */,
				958E20932969FF24008AE63F /* NotificationListCellView.swift */,
			);
			path = Interactions;
			sourceTree = "<group>";
		};
		959349F1295A94ED0073D000 /* Chica */ = {
			isa = PBXGroup;
			children = (
				958C0C9627BE930D00ED6C23 /* Account+AccountName.swift */,
				9594DE3A27C927820036325A /* Conversation+Authors.swift */,
				953BC7BE2957B9E0005C7F2A /* Status+URIToUrl.swift */,
			);
			path = Chica;
			sourceTree = "<group>";
		};
		95A02A66295FE88B0013EF7C /* Packages */ = {
			isa = PBXGroup;
			children = (
				95A02A70295FE98B0013EF7C /* Alice */,
			);
			name = Packages;
			sourceTree = "<group>";
		};
		95A02A6B295FE93E0013EF7C /* Frameworks */ = {
			isa = PBXGroup;
			children = (
			);
			name = Frameworks;
			sourceTree = "<group>";
		};
		95A1BF9629738A61002C88B6 /* Profiles */ = {
			isa = PBXGroup;
			children = (
				95A1BF9729738A75002C88B6 /* ProfileSheetView.swift */,
				95A1BF9929738D33002C88B6 /* ProfileSheetViewModel.swift */,
			);
			path = Profiles;
			sourceTree = "<group>";
		};
		95A3587027B2B18D00DBB76E /* Metadata */ = {
			isa = PBXGroup;
			children = (
				953DE4D027D66C0B0043A357 /* App Properties */,
				953DE4CE27D66BEF0043A357 /* .swiftlint.yml */,
				953DE4CB27D662450043A357 /* .swiftformat */,
			);
			name = Metadata;
			path = ..;
			sourceTree = "<group>";
		};
		95ADADE227B6A6AB0011FD83 /* Utilities */ = {
			isa = PBXGroup;
			children = (
				956714212958CE6800BFF76A /* Extensions */,
				953BC7CA2957EC27005C7F2A /* HashableType.swift */,
				95CEFDEA295A031E00EEE96C /* Pip.swift */,
				95667E7927B85C3B009D2251 /* MockData.swift */,
				95369B5C27B82E7D00F39531 /* LayoutStateRepresentable.swift */,
				95555FBA2960B9F7005BEF45 /* Acknowledgement+License.swift */,
				95555FC72960C864005BEF45 /* Collection+IsNotEmpty.swift */,
				95B368A02965106C00336284 /* URL+CustomInits.swift */,
				952A06E429692E95008340A4 /* UIDevice+Model.swift */,
			);
			path = Utilities;
			sourceTree = "<group>";
		};
		95ADADF427B6A9630011FD83 /* Tests */ = {
			isa = PBXGroup;
			children = (
				95ADADE727B6A7F10011FD83 /* Statuses.swift */,
				95ADADEB27B6A8E40011FD83 /* Shared.swift */,
			);
			path = Tests;
			sourceTree = "<group>";
		};
		95ADAE0027B6B2D10011FD83 /* Modules */ = {
			isa = PBXGroup;
			children = (
				95E4531D27D7B48800572758 /* Authentication */,
				958C0C9A27BE955E00ED6C23 /* Author */,
				9558C7E9295775E9001B30C7 /* Bootstrapping */,
				956714202958CDC300BFF76A /* Components */,
				958E208E2969F7E0008AE63F /* Interactions */,
				95CD3C4B296509260043CDB2 /* Intervention */,
				95ADAE1D27B6DB830011FD83 /* Layout */,
				952A010F27C67F1400F36B37 /* Messaging */,
				95A1BF9629738A61002C88B6 /* Profiles */,
				95645BD527C554FB00FB3426 /* Settings */,
				95369B6927B8406B00F39531 /* Statuses */,
			);
			path = Modules;
			sourceTree = "<group>";
		};
		95ADAE0427B6B3770011FD83 /* Mock Data */ = {
			isa = PBXGroup;
			children = (
				95ADAE0827B6B3BA0011FD83 /* README.md */,
				95C0AF3D27C688170007D1D0 /* Context.json */,
				95C0AF4127C6B1AC0007D1D0 /* Conversation.json */,
				95ADAE0527B6B3900011FD83 /* Status.json */,
				95ADAE1527B6D9140011FD83 /* Timeline.json */,
				956714192958C81E00BFF76A /* Profile.json */,
			);
			path = "Mock Data";
			sourceTree = "<group>";
		};
		95ADAE1D27B6DB830011FD83 /* Layout */ = {
			isa = PBXGroup;
			children = (
				952A06E229691C3D008340A4 /* GardensAppPage.swift */,
				952A06E029691B95008340A4 /* GardensAppCompactLayout.swift */,
				95ADAE1E27B6DC120011FD83 /* GardensAppWideLayout.swift */,
				95009EF3295E780A00F32F85 /* GardensAppLayoutViewModel.swift */,
				9567141E2958CD9600BFF76A /* Status Detail View */,
				9567141C2958CD5600BFF76A /* Status Navigation List */,
				9567141B2958CD4C00BFF76A /* Timeline Split View */,
				958E2095296A0671008AE63F /* GardensPageLink.swift */,
			);
			path = Layout;
			sourceTree = "<group>";
		};
		95CD3C4B296509260043CDB2 /* Intervention */ = {
			isa = PBXGroup;
			children = (
				95CD3C4C296509470043CDB2 /* InterventionAuthorizationContext.swift */,
			);
			path = Intervention;
			sourceTree = "<group>";
		};
		95D1036E27A00AF400B1EE3C /* Resources */ = {
			isa = PBXGroup;
			children = (
				95ADAE0427B6B3770011FD83 /* Mock Data */,
				9558C7E829577365001B30C7 /* Localizations */,
				954722F827A0094000D1BA89 /* Assets.xcassets */,
				95D1036B27A00AF000B1EE3C /* License.pdf */,
				95D3E520295FD36800800FE6 /* Disallow.plist */,
			);
			path = Resources;
			sourceTree = "<group>";
		};
		95E4531D27D7B48800572758 /* Authentication */ = {
			isa = PBXGroup;
			children = (
				95E4531E27D7B49C00572758 /* AuthenticationBrowserWindow.swift */,
				9503EFAE27B4173C00ABB7B0 /* AuthenticationView.swift */,
				95009EF1295E711100F32F85 /* AuthenticationViewModel.swift */,
			);
			path = Authentication;
			sourceTree = "<group>";
		};
/* End PBXGroup section */

/* Begin PBXNativeTarget section */
		954722FC27A0094000D1BA89 /* Fedigardens */ = {
			isa = PBXNativeTarget;
			buildConfigurationList = 9547230E27A0094000D1BA89 /* Build configuration list for PBXNativeTarget "Fedigardens" */;
			buildPhases = (
				95555FAA2960B37A005BEF45 /* Copy Acknowledgements */,
				953DE4CC27D664210043A357 /* Run SwiftLint (if available) */,
				954722F927A0094000D1BA89 /* Sources */,
				954722FA27A0094000D1BA89 /* Frameworks */,
				954722FB27A0094000D1BA89 /* Resources */,
			);
			buildRules = (
			);
			dependencies = (
			);
			name = Fedigardens;
			packageProductDependencies = (
				9558C7E42957711A001B30C7 /* SafariView */,
				9558C7EB29578503001B30C7 /* HTML2Markdown */,
				95A02A6E295FE94F0013EF7C /* Alice */,
				95555FB22960B7A2005BEF45 /* AckGen */,
				95555FB42960B7A2005BEF45 /* AckGenUI */,
				95F2DE2829726A7E00553937 /* Drops */,
			);
			productName = "Capstone (iOS)";
			productReference = 954722FD27A0094000D1BA89 /* Fedigardens.app */;
			productType = "com.apple.product-type.application";
		};
		95ADADF227B6A9630011FD83 /* Tests */ = {
			isa = PBXNativeTarget;
			buildConfigurationList = 95ADADF927B6A9630011FD83 /* Build configuration list for PBXNativeTarget "Tests" */;
			buildPhases = (
				95ADADEF27B6A9630011FD83 /* Sources */,
				95ADADF027B6A9630011FD83 /* Frameworks */,
				95ADADF127B6A9630011FD83 /* Resources */,
			);
			buildRules = (
			);
			dependencies = (
			);
			name = Tests;
			productName = Tests;
			productReference = 95ADADF327B6A9630011FD83 /* Tests.xctest */;
			productType = "com.apple.product-type.bundle.unit-test";
		};
/* End PBXNativeTarget section */

/* Begin PBXProject section */
		954722F127A0093F00D1BA89 /* Project object */ = {
			isa = PBXProject;
			attributes = {
				BuildIndependentTargetsInParallel = 1;
				LastSwiftUpdateCheck = 1320;
				LastUpgradeCheck = 1420;
				TargetAttributes = {
					954722FC27A0094000D1BA89 = {
						CreatedOnToolsVersion = 13.2;
					};
					95ADADF227B6A9630011FD83 = {
						CreatedOnToolsVersion = 13.2.1;
						TestTargetID = 9547230227A0094000D1BA89;
					};
				};
			};
			buildConfigurationList = 954722F427A0093F00D1BA89 /* Build configuration list for PBXProject "Fedigardens" */;
			compatibilityVersion = "Xcode 13.0";
			developmentRegion = en;
			hasScannedForEncodings = 0;
			knownRegions = (
				en,
				Base,
			);
			mainGroup = 954722F027A0093F00D1BA89;
			packageReferences = (
				9558C7E32957711A001B30C7 /* XCRemoteSwiftPackageReference "SafariView" */,
				9558C7EA29578503001B30C7 /* XCRemoteSwiftPackageReference "HTML2Markdown" */,
				95555FB12960B7A1005BEF45 /* XCRemoteSwiftPackageReference "AckGen" */,
				95F2DE2729726A7E00553937 /* XCRemoteSwiftPackageReference "Drops" */,
			);
			productRefGroup = 954722FE27A0094000D1BA89 /* Products */;
			projectDirPath = "";
			projectRoot = "";
			targets = (
				954722FC27A0094000D1BA89 /* Fedigardens */,
				95ADADF227B6A9630011FD83 /* Tests */,
			);
		};
/* End PBXProject section */

/* Begin PBXResourcesBuildPhase section */
		954722FB27A0094000D1BA89 /* Resources */ = {
			isa = PBXResourcesBuildPhase;
			buildActionMask = 2147483647;
			files = (
				95C0AF3E27C688170007D1D0 /* Context.json in Resources */,
				95D1036C27A00AF000B1EE3C /* License.pdf in Resources */,
				9503EFB427B417DD00ABB7B0 /* Localizable.strings in Resources */,
				95555FBD2960BA6C005BEF45 /* CNPL.md in Resources */,
				9547230A27A0094000D1BA89 /* Assets.xcassets in Resources */,
				95555FC42960BE33005BEF45 /* MIT-HTML2Markdown.md in Resources */,
				95C0AF4227C6B1AC0007D1D0 /* Conversation.json in Resources */,
				95D3E521295FD36800800FE6 /* Disallow.plist in Resources */,
				95ADAE0627B6B3900011FD83 /* Status.json in Resources */,
				95555FBF2960BC21005BEF45 /* NPL.txt in Resources */,
				95ADAE1627B6D9140011FD83 /* Timeline.json in Resources */,
				95667E7E27B86273009D2251 /* Localizable.stringsdict in Resources */,
				9567141A2958C81E00BFF76A /* Profile.json in Resources */,
				95555FC62960BE9A005BEF45 /* MPLv2.txt in Resources */,
				95555FB72960B7F1005BEF45 /* Acknowledgements.plist in Resources */,
			);
			runOnlyForDeploymentPostprocessing = 0;
		};
		95ADADF127B6A9630011FD83 /* Resources */ = {
			isa = PBXResourcesBuildPhase;
			buildActionMask = 2147483647;
			files = (
				95C0AF4427C6B1AC0007D1D0 /* Conversation.json in Resources */,
				95C0AF4027C688170007D1D0 /* Context.json in Resources */,
				95ADAE1827B6D9140011FD83 /* Timeline.json in Resources */,
				95667E8027B86273009D2251 /* Localizable.stringsdict in Resources */,
			);
			runOnlyForDeploymentPostprocessing = 0;
		};
/* End PBXResourcesBuildPhase section */

/* Begin PBXShellScriptBuildPhase section */
		953DE4CC27D664210043A357 /* Run SwiftLint (if available) */ = {
			isa = PBXShellScriptBuildPhase;
			alwaysOutOfDate = 1;
			buildActionMask = 2147483647;
			files = (
			);
			inputFileListPaths = (
			);
			inputPaths = (
				"$(SRCROOT)/../.swiftlint.yml",
			);
			name = "Run SwiftLint (if available)";
			outputFileListPaths = (
			);
			outputPaths = (
			);
			runOnlyForDeploymentPostprocessing = 0;
			shellPath = /bin/sh;
			shellScript = "# Type a script or drag a script file from your workspace to insert its path.\nexport PATH=\"$PATH:/opt/homebrew/bin\"\n\nif which swiftlint >/dev/null; then\n  swiftlint --config $SCRIPT_INPUT_FILE_0\nelse\n  echo \"warning: SwiftLint not installed, download from https://github.com/realm/SwiftLint\"\nfi\n";
		};
		95555FAA2960B37A005BEF45 /* Copy Acknowledgements */ = {
			isa = PBXShellScriptBuildPhase;
			alwaysOutOfDate = 1;
			buildActionMask = 2147483647;
			files = (
			);
			inputFileListPaths = (
			);
			inputPaths = (
			);
			name = "Copy Acknowledgements";
			outputFileListPaths = (
			);
			outputPaths = (
			);
			runOnlyForDeploymentPostprocessing = 0;
			shellPath = /bin/sh;
			shellScript = "DIR=$PROJECT_TEMP_DIR/../../../SourcePackages/checkouts/AckGen\nif [ -d \"$DIR\" ]; then\n  cd $DIR\n  SDKROOT=(xcrun --sdk macosx --show-sdk-path)\n  swift run ackgen \"$SRCROOT/Supporting Files/Acknowledgements.plist\"\nelse\n  echo \"warning: AckGen not found. Please install the package via SPM (https://github.com/MartinP7r/AckGen#installation)\"\nfi\n";
		};
/* End PBXShellScriptBuildPhase section */

/* Begin PBXSourcesBuildPhase section */
		954722F927A0094000D1BA89 /* Sources */ = {
			isa = PBXSourcesBuildPhase;
			buildActionMask = 2147483647;
			files = (
				952A06E529692E95008340A4 /* UIDevice+Model.swift in Sources */,
				953BC7C52957C73E005C7F2A /* StatusDetailViewModel.swift in Sources */,
				95A1BF95297327B3002C88B6 /* String+Localizations.swift in Sources */,
				95A1BF9829738A75002C88B6 /* ProfileSheetView.swift in Sources */,
				9558C7F029579E66001B30C7 /* GardensComposeButton.swift in Sources */,
				95CD3C4F29650A600043CDB2 /* GardensViewModel.swift in Sources */,
				952A06E129691B95008340A4 /* GardensAppCompactLayout.swift in Sources */,
				95009EF2295E711100F32F85 /* AuthenticationViewModel.swift in Sources */,
				95F2DE26297262D700553937 /* SettingsInterventionPage.swift in Sources */,
				956714162958C1BF00BFF76A /* AuthoringScene.swift in Sources */,
				953BC7CB2957EC27005C7F2A /* HashableType.swift in Sources */,
				95C0AF4A27C6C7920007D1D0 /* MessagingAuthorView.swift in Sources */,
				95CEFDEE295A388100EEE96C /* StatusDetailQuote.swift in Sources */,
				95C0AF4627C6B39E0007D1D0 /* MessagingDetailView.swift in Sources */,
				95645BD727C5550B00FB3426 /* SettingsView.swift in Sources */,
				958E20922969F9FC008AE63F /* InteractionsListViewModel.swift in Sources */,
				95CEFDEB295A031E00EEE96C /* Pip.swift in Sources */,
				956714182958C7BF00BFF76A /* UserProfileEnvironmentKey.swift in Sources */,
				95369B5927B82D4100F39531 /* TimelineSplitView.swift in Sources */,
				956714142958B69D00BFF76A /* StatusDisclosedContent.swift in Sources */,
				95E4531F27D7B49C00572758 /* AuthenticationBrowserWindow.swift in Sources */,
				95ADADE427B6A6BB0011FD83 /* String+AttributedContent.swift in Sources */,
				95B368A12965106C00336284 /* URL+CustomInits.swift in Sources */,
				95ADAE0A27B6B49A0011FD83 /* JSONDecoder+Resources.swift in Sources */,
				95D2704E27C6F5A200805262 /* MessagingListCellView.swift in Sources */,
				95ADAE1227B6CDC50011FD83 /* DateFormatter+Mastodon.swift in Sources */,
				957AF85229592DD1000370E6 /* AuthoringContext.swift in Sources */,
				958E20902969F7F2008AE63F /* InteractionsListView.swift in Sources */,
				9547230827A0094000D1BA89 /* ContentView.swift in Sources */,
				95667E7627B85BD3009D2251 /* StatusDetailView.swift in Sources */,
				95A1BF9A29738D33002C88B6 /* ProfileSheetViewModel.swift in Sources */,
				95F2DE2429725C6100553937 /* BetaBadge.swift in Sources */,
				9547230627A0094000D1BA89 /* Gardens.swift in Sources */,
				95A5C82B296A5CA00069F174 /* StatusQuickGlanceView.swift in Sources */,
				95555FBB2960B9F7005BEF45 /* Acknowledgement+License.swift in Sources */,
				9558C7EE29578B59001B30C7 /* AccountImage.swift in Sources */,
				953BC7BF2957B9E0005C7F2A /* Status+URIToUrl.swift in Sources */,
				95CEFDF0295A38E500EEE96C /* StatusContextProvider.swift in Sources */,
				95CD3C4D296509470043CDB2 /* InterventionAuthorizationContext.swift in Sources */,
				958C0C9C27BE956F00ED6C23 /* AuthorReplySegment.swift in Sources */,
				9594DE3B27C927820036325A /* Conversation+Authors.swift in Sources */,
				958E2096296A0671008AE63F /* GardensPageLink.swift in Sources */,
				956714252958D2D300BFF76A /* StatusDetailToolbar.swift in Sources */,
				95645BD227C5546E00FB3426 /* UserDefaults+Settings.swift in Sources */,
				958E20942969FF24008AE63F /* NotificationListCellView.swift in Sources */,
				95ADAE1F27B6DC120011FD83 /* GardensAppWideLayout.swift in Sources */,
				953DE4D327D69C7D0043A357 /* Bundle+AppVersion.swift in Sources */,
				958C0C9727BE930D00ED6C23 /* Account+AccountName.swift in Sources */,
				95D2705127C6FEFA00805262 /* MessagingList.swift in Sources */,
				95369B5D27B82E7D00F39531 /* LayoutStateRepresentable.swift in Sources */,
				95CEFDF2295A3B4900EEE96C /* StatusAuthorExtendedLabel.swift in Sources */,
				95009EF4295E780A00F32F85 /* GardensAppLayoutViewModel.swift in Sources */,
				953BC7C82957E156005C7F2A /* RecursiveNavigationView.swift in Sources */,
				953BC7CE2957FD94005C7F2A /* StatusMediaDrawer.swift in Sources */,
				952A06E329691C3D008340A4 /* GardensAppPage.swift in Sources */,
				95ADAE1A27B6D9740011FD83 /* StatusNavigationList.swift in Sources */,
				957AF855295937CF000370E6 /* AuthorViewModel.swift in Sources */,
				95667E7A27B85C3B009D2251 /* MockData.swift in Sources */,
				95CC7593295BEBC600629798 /* MessagingDetailViewModel.swift in Sources */,
				956714122958A9D000BFF76A /* StatusNavigationListViewModel.swift in Sources */,
				95555FB92960B8DA005BEF45 /* SettingsAcknowledgementList.swift in Sources */,
				95D3EADD27BBE51F00AF33D9 /* AuthorView.swift in Sources */,
				95F2DE22297253FD00553937 /* Label+SettingsStyle.swift in Sources */,
				957AF84F29591B44000370E6 /* StatusPollView.swift in Sources */,
				95CEFDE82959637400EEE96C /* StatusVerifiedButton.swift in Sources */,
				9503EFAF27B4173C00ABB7B0 /* AuthenticationView.swift in Sources */,
				952A011127C67F3F00F36B37 /* MessagingPresentationView.swift in Sources */,
				95ADAE0227B6B2E10011FD83 /* StatusView.swift in Sources */,
				9558C7F229579FC9001B30C7 /* TimelineSplitViewModel.swift in Sources */,
				95555FC82960C864005BEF45 /* Collection+IsNotEmpty.swift in Sources */,
			);
			runOnlyForDeploymentPostprocessing = 0;
		};
		95ADADEF27B6A9630011FD83 /* Sources */ = {
			isa = PBXSourcesBuildPhase;
			buildActionMask = 2147483647;
			files = (
				953BC7CF2957FD94005C7F2A /* StatusMediaDrawer.swift in Sources */,
				957AF85329592DD1000370E6 /* AuthoringContext.swift in Sources */,
				953BC7CC2957EC27005C7F2A /* HashableType.swift in Sources */,
				95CEFDE92959637400EEE96C /* StatusVerifiedButton.swift in Sources */,
				957AF85029591B44000370E6 /* StatusPollView.swift in Sources */,
				958C0C9927BE930D00ED6C23 /* Account+AccountName.swift in Sources */,
				956714222958CE7900BFF76A /* MockData.swift in Sources */,
				95ADADFE27B6A9730011FD83 /* Shared.swift in Sources */,
				95ADAE0C27B6B49A0011FD83 /* JSONDecoder+Resources.swift in Sources */,
				9567141F2958CDAB00BFF76A /* StatusDisclosedContent.swift in Sources */,
				957AF856295937CF000370E6 /* AuthorViewModel.swift in Sources */,
				9594DE3D27C927820036325A /* Conversation+Authors.swift in Sources */,
				95ADAE1427B6CDC50011FD83 /* DateFormatter+Mastodon.swift in Sources */,
				95ADADFC27B6A96F0011FD83 /* Statuses.swift in Sources */,
				95CEFDEC295A031E00EEE96C /* Pip.swift in Sources */,
				953BC7C02957B9E0005C7F2A /* Status+URIToUrl.swift in Sources */,
				953BC7C62957C73E005C7F2A /* StatusDetailViewModel.swift in Sources */,
			);
			runOnlyForDeploymentPostprocessing = 0;
		};
/* End PBXSourcesBuildPhase section */

/* Begin PBXVariantGroup section */
		9503EFB727B417DD00ABB7B0 /* Localizable.strings */ = {
			isa = PBXVariantGroup;
			children = (
				9503EFB627B417DD00ABB7B0 /* en */,
			);
			name = Localizable.strings;
			sourceTree = "<group>";
		};
/* End PBXVariantGroup section */

/* Begin XCBuildConfiguration section */
		9547230C27A0094000D1BA89 /* Debug */ = {
			isa = XCBuildConfiguration;
			buildSettings = {
				ALWAYS_SEARCH_USER_PATHS = NO;
				CLANG_ANALYZER_NONNULL = YES;
				CLANG_ANALYZER_NUMBER_OBJECT_CONVERSION = YES_AGGRESSIVE;
				CLANG_CXX_LANGUAGE_STANDARD = "gnu++17";
				CLANG_CXX_LIBRARY = "libc++";
				CLANG_ENABLE_MODULES = YES;
				CLANG_ENABLE_OBJC_ARC = YES;
				CLANG_ENABLE_OBJC_WEAK = YES;
				CLANG_WARN_BLOCK_CAPTURE_AUTORELEASING = YES;
				CLANG_WARN_BOOL_CONVERSION = YES;
				CLANG_WARN_COMMA = YES;
				CLANG_WARN_CONSTANT_CONVERSION = YES;
				CLANG_WARN_DEPRECATED_OBJC_IMPLEMENTATIONS = YES;
				CLANG_WARN_DIRECT_OBJC_ISA_USAGE = YES_ERROR;
				CLANG_WARN_DOCUMENTATION_COMMENTS = YES;
				CLANG_WARN_EMPTY_BODY = YES;
				CLANG_WARN_ENUM_CONVERSION = YES;
				CLANG_WARN_INFINITE_RECURSION = YES;
				CLANG_WARN_INT_CONVERSION = YES;
				CLANG_WARN_NON_LITERAL_NULL_CONVERSION = YES;
				CLANG_WARN_OBJC_IMPLICIT_RETAIN_SELF = YES;
				CLANG_WARN_OBJC_LITERAL_CONVERSION = YES;
				CLANG_WARN_OBJC_ROOT_CLASS = YES_ERROR;
				CLANG_WARN_QUOTED_INCLUDE_IN_FRAMEWORK_HEADER = YES;
				CLANG_WARN_RANGE_LOOP_ANALYSIS = YES;
				CLANG_WARN_STRICT_PROTOTYPES = YES;
				CLANG_WARN_SUSPICIOUS_MOVE = YES;
				CLANG_WARN_UNGUARDED_AVAILABILITY = YES_AGGRESSIVE;
				CLANG_WARN_UNREACHABLE_CODE = YES;
				CLANG_WARN__DUPLICATE_METHOD_MATCH = YES;
				COPY_PHASE_STRIP = NO;
				DEAD_CODE_STRIPPING = YES;
				DEBUG_INFORMATION_FORMAT = dwarf;
				ENABLE_STRICT_OBJC_MSGSEND = YES;
				ENABLE_TESTABILITY = YES;
				GCC_C_LANGUAGE_STANDARD = gnu11;
				GCC_DYNAMIC_NO_PIC = NO;
				GCC_NO_COMMON_BLOCKS = YES;
				GCC_OPTIMIZATION_LEVEL = 0;
				GCC_PREPROCESSOR_DEFINITIONS = (
					"DEBUG=1",
					"$(inherited)",
				);
				GCC_WARN_64_TO_32_BIT_CONVERSION = YES;
				GCC_WARN_ABOUT_RETURN_TYPE = YES_ERROR;
				GCC_WARN_UNDECLARED_SELECTOR = YES;
				GCC_WARN_UNINITIALIZED_AUTOS = YES_AGGRESSIVE;
				GCC_WARN_UNUSED_FUNCTION = YES;
				GCC_WARN_UNUSED_VARIABLE = YES;
				IPHONEOS_DEPLOYMENT_TARGET = 16.0;
				MTL_ENABLE_DEBUG_INFO = INCLUDE_SOURCE;
				MTL_FAST_MATH = YES;
				ONLY_ACTIVE_ARCH = YES;
				SWIFT_ACTIVE_COMPILATION_CONDITIONS = DEBUG;
				SWIFT_OPTIMIZATION_LEVEL = "-Onone";
			};
			name = Debug;
		};
		9547230D27A0094000D1BA89 /* Release */ = {
			isa = XCBuildConfiguration;
			buildSettings = {
				ALWAYS_SEARCH_USER_PATHS = NO;
				CLANG_ANALYZER_NONNULL = YES;
				CLANG_ANALYZER_NUMBER_OBJECT_CONVERSION = YES_AGGRESSIVE;
				CLANG_CXX_LANGUAGE_STANDARD = "gnu++17";
				CLANG_CXX_LIBRARY = "libc++";
				CLANG_ENABLE_MODULES = YES;
				CLANG_ENABLE_OBJC_ARC = YES;
				CLANG_ENABLE_OBJC_WEAK = YES;
				CLANG_WARN_BLOCK_CAPTURE_AUTORELEASING = YES;
				CLANG_WARN_BOOL_CONVERSION = YES;
				CLANG_WARN_COMMA = YES;
				CLANG_WARN_CONSTANT_CONVERSION = YES;
				CLANG_WARN_DEPRECATED_OBJC_IMPLEMENTATIONS = YES;
				CLANG_WARN_DIRECT_OBJC_ISA_USAGE = YES_ERROR;
				CLANG_WARN_DOCUMENTATION_COMMENTS = YES;
				CLANG_WARN_EMPTY_BODY = YES;
				CLANG_WARN_ENUM_CONVERSION = YES;
				CLANG_WARN_INFINITE_RECURSION = YES;
				CLANG_WARN_INT_CONVERSION = YES;
				CLANG_WARN_NON_LITERAL_NULL_CONVERSION = YES;
				CLANG_WARN_OBJC_IMPLICIT_RETAIN_SELF = YES;
				CLANG_WARN_OBJC_LITERAL_CONVERSION = YES;
				CLANG_WARN_OBJC_ROOT_CLASS = YES_ERROR;
				CLANG_WARN_QUOTED_INCLUDE_IN_FRAMEWORK_HEADER = YES;
				CLANG_WARN_RANGE_LOOP_ANALYSIS = YES;
				CLANG_WARN_STRICT_PROTOTYPES = YES;
				CLANG_WARN_SUSPICIOUS_MOVE = YES;
				CLANG_WARN_UNGUARDED_AVAILABILITY = YES_AGGRESSIVE;
				CLANG_WARN_UNREACHABLE_CODE = YES;
				CLANG_WARN__DUPLICATE_METHOD_MATCH = YES;
				COPY_PHASE_STRIP = NO;
				DEAD_CODE_STRIPPING = YES;
				DEBUG_INFORMATION_FORMAT = "dwarf-with-dsym";
				ENABLE_NS_ASSERTIONS = NO;
				ENABLE_STRICT_OBJC_MSGSEND = YES;
				GCC_C_LANGUAGE_STANDARD = gnu11;
				GCC_NO_COMMON_BLOCKS = YES;
				GCC_WARN_64_TO_32_BIT_CONVERSION = YES;
				GCC_WARN_ABOUT_RETURN_TYPE = YES_ERROR;
				GCC_WARN_UNDECLARED_SELECTOR = YES;
				GCC_WARN_UNINITIALIZED_AUTOS = YES_AGGRESSIVE;
				GCC_WARN_UNUSED_FUNCTION = YES;
				GCC_WARN_UNUSED_VARIABLE = YES;
				IPHONEOS_DEPLOYMENT_TARGET = 16.0;
				MTL_ENABLE_DEBUG_INFO = NO;
				MTL_FAST_MATH = YES;
				SWIFT_COMPILATION_MODE = wholemodule;
				SWIFT_OPTIMIZATION_LEVEL = "-O";
			};
			name = Release;
		};
		9547230F27A0094000D1BA89 /* Debug */ = {
			isa = XCBuildConfiguration;
			buildSettings = {
				ASSETCATALOG_COMPILER_APPICON_NAME = AppIcon;
				ASSETCATALOG_COMPILER_GLOBAL_ACCENT_COLOR_NAME = AccentColor;
				CODE_SIGN_ENTITLEMENTS = Fedigardens.entitlements;
				CODE_SIGN_STYLE = Automatic;
				CURRENT_PROJECT_VERSION = 9;
				DEVELOPMENT_TEAM = FQQXSP79X3;
				ENABLE_PREVIEWS = YES;
				GENERATE_INFOPLIST_FILE = YES;
				INFOPLIST_FILE = "Capstone--iOS--Info.plist";
				INFOPLIST_KEY_LSApplicationCategoryType = "public.app-category.social-networking";
				INFOPLIST_KEY_UIApplicationSupportsIndirectInputEvents = YES;
				INFOPLIST_KEY_UISupportedInterfaceOrientations_iPad = "UIInterfaceOrientationPortrait UIInterfaceOrientationPortraitUpsideDown UIInterfaceOrientationLandscapeLeft UIInterfaceOrientationLandscapeRight";
				INFOPLIST_KEY_UISupportedInterfaceOrientations_iPhone = "UIInterfaceOrientationPortrait UIInterfaceOrientationLandscapeLeft UIInterfaceOrientationLandscapeRight";
				LD_RUNPATH_SEARCH_PATHS = (
					"$(inherited)",
					"@executable_path/Frameworks",
				);
				MARKETING_VERSION = 1.0;
				PRODUCT_BUNDLE_IDENTIFIER = app.fedigardens.mail;
				PRODUCT_NAME = Fedigardens;
				SDKROOT = iphoneos;
				SUPPORTED_PLATFORMS = "iphoneos iphonesimulator";
				SUPPORTS_MACCATALYST = NO;
				SUPPORTS_MAC_DESIGNED_FOR_IPHONE_IPAD = NO;
				SWIFT_EMIT_LOC_STRINGS = YES;
				SWIFT_VERSION = 5.0;
				TARGETED_DEVICE_FAMILY = "1,2,6";
			};
			name = Debug;
		};
		9547231027A0094000D1BA89 /* Release */ = {
			isa = XCBuildConfiguration;
			buildSettings = {
				ASSETCATALOG_COMPILER_APPICON_NAME = AppIcon;
				ASSETCATALOG_COMPILER_GLOBAL_ACCENT_COLOR_NAME = AccentColor;
				CODE_SIGN_ENTITLEMENTS = Fedigardens.entitlements;
				CODE_SIGN_STYLE = Automatic;
				CURRENT_PROJECT_VERSION = 9;
				DEVELOPMENT_TEAM = FQQXSP79X3;
				ENABLE_PREVIEWS = YES;
				GENERATE_INFOPLIST_FILE = YES;
				INFOPLIST_FILE = "Capstone--iOS--Info.plist";
				INFOPLIST_KEY_LSApplicationCategoryType = "public.app-category.social-networking";
				INFOPLIST_KEY_UIApplicationSupportsIndirectInputEvents = YES;
				INFOPLIST_KEY_UISupportedInterfaceOrientations_iPad = "UIInterfaceOrientationPortrait UIInterfaceOrientationPortraitUpsideDown UIInterfaceOrientationLandscapeLeft UIInterfaceOrientationLandscapeRight";
				INFOPLIST_KEY_UISupportedInterfaceOrientations_iPhone = "UIInterfaceOrientationPortrait UIInterfaceOrientationLandscapeLeft UIInterfaceOrientationLandscapeRight";
				LD_RUNPATH_SEARCH_PATHS = (
					"$(inherited)",
					"@executable_path/Frameworks",
				);
				MARKETING_VERSION = 1.0;
				PRODUCT_BUNDLE_IDENTIFIER = app.fedigardens.mail;
				PRODUCT_NAME = Fedigardens;
				SDKROOT = iphoneos;
				SUPPORTED_PLATFORMS = "iphoneos iphonesimulator";
				SUPPORTS_MACCATALYST = NO;
				SUPPORTS_MAC_DESIGNED_FOR_IPHONE_IPAD = NO;
				SWIFT_EMIT_LOC_STRINGS = YES;
				SWIFT_VERSION = 5.0;
				TARGETED_DEVICE_FAMILY = "1,2,6";
				VALIDATE_PRODUCT = YES;
			};
			name = Release;
		};
		95ADADFA27B6A9630011FD83 /* Debug */ = {
			isa = XCBuildConfiguration;
			buildSettings = {
				BUNDLE_LOADER = "$(TEST_HOST)";
				CODE_SIGN_STYLE = Automatic;
				CURRENT_PROJECT_VERSION = 1;
				DEAD_CODE_STRIPPING = YES;
				DEVELOPMENT_TEAM = FQQXSP79X3;
				GENERATE_INFOPLIST_FILE = YES;
				MACOSX_DEPLOYMENT_TARGET = 12.1;
				MARKETING_VERSION = 1.0;
				PRODUCT_BUNDLE_IDENTIFIER = net.marquiskurt.capstone.Tests;
				PRODUCT_NAME = "$(TARGET_NAME)";
				SDKROOT = macosx;
				SWIFT_EMIT_LOC_STRINGS = NO;
				SWIFT_VERSION = 5.0;
				TEST_HOST = "$(BUILT_PRODUCTS_DIR)/Capstone.app/Contents/MacOS/Capstone";
			};
			name = Debug;
		};
		95ADADFB27B6A9630011FD83 /* Release */ = {
			isa = XCBuildConfiguration;
			buildSettings = {
				BUNDLE_LOADER = "$(TEST_HOST)";
				CODE_SIGN_STYLE = Automatic;
				CURRENT_PROJECT_VERSION = 1;
				DEAD_CODE_STRIPPING = YES;
				DEVELOPMENT_TEAM = FQQXSP79X3;
				GENERATE_INFOPLIST_FILE = YES;
				MACOSX_DEPLOYMENT_TARGET = 12.1;
				MARKETING_VERSION = 1.0;
				PRODUCT_BUNDLE_IDENTIFIER = net.marquiskurt.capstone.Tests;
				PRODUCT_NAME = "$(TARGET_NAME)";
				SDKROOT = macosx;
				SWIFT_EMIT_LOC_STRINGS = NO;
				SWIFT_VERSION = 5.0;
				TEST_HOST = "$(BUILT_PRODUCTS_DIR)/Capstone.app/Contents/MacOS/Capstone";
			};
			name = Release;
		};
/* End XCBuildConfiguration section */

/* Begin XCConfigurationList section */
		954722F427A0093F00D1BA89 /* Build configuration list for PBXProject "Fedigardens" */ = {
			isa = XCConfigurationList;
			buildConfigurations = (
				9547230C27A0094000D1BA89 /* Debug */,
				9547230D27A0094000D1BA89 /* Release */,
			);
			defaultConfigurationIsVisible = 0;
			defaultConfigurationName = Release;
		};
		9547230E27A0094000D1BA89 /* Build configuration list for PBXNativeTarget "Fedigardens" */ = {
			isa = XCConfigurationList;
			buildConfigurations = (
				9547230F27A0094000D1BA89 /* Debug */,
				9547231027A0094000D1BA89 /* Release */,
			);
			defaultConfigurationIsVisible = 0;
			defaultConfigurationName = Release;
		};
		95ADADF927B6A9630011FD83 /* Build configuration list for PBXNativeTarget "Tests" */ = {
			isa = XCConfigurationList;
			buildConfigurations = (
				95ADADFA27B6A9630011FD83 /* Debug */,
				95ADADFB27B6A9630011FD83 /* Release */,
			);
			defaultConfigurationIsVisible = 0;
			defaultConfigurationName = Release;
		};
/* End XCConfigurationList section */

/* Begin XCRemoteSwiftPackageReference section */
		95555FB12960B7A1005BEF45 /* XCRemoteSwiftPackageReference "AckGen" */ = {
			isa = XCRemoteSwiftPackageReference;
			repositoryURL = "https://github.com/MartinP7r/AckGen";
			requirement = {
				kind = upToNextMajorVersion;
				minimumVersion = 0.1.5;
			};
		};
		9558C7E32957711A001B30C7 /* XCRemoteSwiftPackageReference "SafariView" */ = {
			isa = XCRemoteSwiftPackageReference;
			repositoryURL = "https://github.com/alicerunsonfedora/SafariView";
			requirement = {
				branch = root;
				kind = branch;
			};
		};
		9558C7EA29578503001B30C7 /* XCRemoteSwiftPackageReference "HTML2Markdown" */ = {
			isa = XCRemoteSwiftPackageReference;
			repositoryURL = "https://gitlab.com/mflint/HTML2Markdown/";
			requirement = {
				kind = upToNextMajorVersion;
				minimumVersion = 1.0.0;
			};
		};
		95F2DE2729726A7E00553937 /* XCRemoteSwiftPackageReference "Drops" */ = {
			isa = XCRemoteSwiftPackageReference;
			repositoryURL = "https://github.com/omaralbeik/Drops.git";
			requirement = {
				kind = upToNextMajorVersion;
				minimumVersion = 1.0.0;
			};
		};
/* End XCRemoteSwiftPackageReference section */

/* Begin XCSwiftPackageProductDependency section */
		95555FB22960B7A2005BEF45 /* AckGen */ = {
			isa = XCSwiftPackageProductDependency;
			package = 95555FB12960B7A1005BEF45 /* XCRemoteSwiftPackageReference "AckGen" */;
			productName = AckGen;
		};
		95555FB42960B7A2005BEF45 /* AckGenUI */ = {
			isa = XCSwiftPackageProductDependency;
			package = 95555FB12960B7A1005BEF45 /* XCRemoteSwiftPackageReference "AckGen" */;
			productName = AckGenUI;
		};
		9558C7E42957711A001B30C7 /* SafariView */ = {
			isa = XCSwiftPackageProductDependency;
			package = 9558C7E32957711A001B30C7 /* XCRemoteSwiftPackageReference "SafariView" */;
			productName = SafariView;
		};
		9558C7EB29578503001B30C7 /* HTML2Markdown */ = {
			isa = XCSwiftPackageProductDependency;
			package = 9558C7EA29578503001B30C7 /* XCRemoteSwiftPackageReference "HTML2Markdown" */;
			productName = HTML2Markdown;
		};
		95A02A6E295FE94F0013EF7C /* Alice */ = {
			isa = XCSwiftPackageProductDependency;
			productName = Alice;
		};
		95F2DE2829726A7E00553937 /* Drops */ = {
			isa = XCSwiftPackageProductDependency;
			package = 95F2DE2729726A7E00553937 /* XCRemoteSwiftPackageReference "Drops" */;
			productName = Drops;
		};
/* End XCSwiftPackageProductDependency section */
	};
	rootObject = 954722F127A0093F00D1BA89 /* Project object */;
}
